// !$*UTF8*$!
{
	archiveVersion = 1;
	classes = {
	};
	objectVersion = 46;
	objects = {

/* Begin PBXBuildFile section */
		21194CAD1530AC9C008C0C5A /* main.cpp in Sources */ = {isa = PBXBuildFile; fileRef = 21194CAC1530AC9C008C0C5A /* main.cpp */; };
		2128AB211530A21300F0CC59 /* SqlEngineLib.dylib in Frameworks */ = {isa = PBXBuildFile; fileRef = 2106CEAD15309F4A002246F7 /* SqlEngineLib.dylib */; };
		217F6D9A1532C34800F8437A /* MD5.cpp in Sources */ = {isa = PBXBuildFile; fileRef = 217F6D8F1532C34800F8437A /* MD5.cpp */; };
		217F6D9B1532C34800F8437A /* SQLProxy.cpp in Sources */ = {isa = PBXBuildFile; fileRef = 217F6D911532C34800F8437A /* SQLProxy.cpp */; };
		217F6D9C1532C34800F8437A /* SQLProxyDataSet.cpp in Sources */ = {isa = PBXBuildFile; fileRef = 217F6D931532C34800F8437A /* SQLProxyDataSet.cpp */; };
		217F6D9D1532C34800F8437A /* SQLProxyResult.cpp in Sources */ = {isa = PBXBuildFile; fileRef = 217F6D951532C34800F8437A /* SQLProxyResult.cpp */; };
		217F6DA21532C36300F8437A /* MySQLProxy.cpp in Sources */ = {isa = PBXBuildFile; fileRef = 217F6DA01532C36300F8437A /* MySQLProxy.cpp */; };
		21C2631C1532D076004AD24A /* MemcachedProxy.cpp in Sources */ = {isa = PBXBuildFile; fileRef = 21C2631A1532D076004AD24A /* MemcachedProxy.cpp */; };
/* End PBXBuildFile section */

/* Begin PBXContainerItemProxy section */
		2106CEAC15309F4A002246F7 /* PBXContainerItemProxy */ = {
			isa = PBXContainerItemProxy;
			containerPortal = 2106CEA815309F49002246F7 /* SqlEngineLib.xcodeproj */;
			proxyType = 2;
			remoteGlobalIDString = 212FB5DA14681D420067F07B;
			remoteInfo = SqlEngineLib;
		};
		2128AB1F1530A20F00F0CC59 /* PBXContainerItemProxy */ = {
			isa = PBXContainerItemProxy;
			containerPortal = 2106CEA815309F49002246F7 /* SqlEngineLib.xcodeproj */;
			proxyType = 1;
			remoteGlobalIDString = 212FB5D914681D420067F07B;
			remoteInfo = SqlEngineLib;
		};
/* End PBXContainerItemProxy section */

/* Begin PBXCopyFilesBuildPhase section */
		21A1FB6314C1538900674BA6 /* CopyFiles */ = {
			isa = PBXCopyFilesBuildPhase;
			buildActionMask = 2147483647;
			dstPath = /usr/share/man/man1/;
			dstSubfolderSpec = 0;
			files = (
			);
			runOnlyForDeploymentPostprocessing = 1;
		};
/* End PBXCopyFilesBuildPhase section */

/* Begin PBXFileReference section */
		2106CEA815309F49002246F7 /* SqlEngineLib.xcodeproj */ = {isa = PBXFileReference; lastKnownFileType = "wrapper.pb-project"; name = SqlEngineLib.xcodeproj; path = ../../../../lib/macosx/xcode/SqlEngineLib.xcodeproj; sourceTree = "<group>"; };
		21194CAC1530AC9C008C0C5A /* main.cpp */ = {isa = PBXFileReference; fileEncoding = 4; lastKnownFileType = sourcecode.cpp.cpp; name = main.cpp; path = ../../main.cpp; sourceTree = "<group>"; };
		217F6D8F1532C34800F8437A /* MD5.cpp */ = {isa = PBXFileReference; fileEncoding = 4; lastKnownFileType = sourcecode.cpp.cpp; path = MD5.cpp; sourceTree = "<group>"; };
		217F6D901532C34800F8437A /* MD5.h */ = {isa = PBXFileReference; fileEncoding = 4; lastKnownFileType = sourcecode.c.h; path = MD5.h; sourceTree = "<group>"; };
		217F6D911532C34800F8437A /* SQLProxy.cpp */ = {isa = PBXFileReference; fileEncoding = 4; lastKnownFileType = sourcecode.cpp.cpp; path = SQLProxy.cpp; sourceTree = "<group>"; };
		217F6D921532C34800F8437A /* SQLProxy.h */ = {isa = PBXFileReference; fileEncoding = 4; lastKnownFileType = sourcecode.c.h; path = SQLProxy.h; sourceTree = "<group>"; };
		217F6D931532C34800F8437A /* SQLProxyDataSet.cpp */ = {isa = PBXFileReference; fileEncoding = 4; lastKnownFileType = sourcecode.cpp.cpp; path = SQLProxyDataSet.cpp; sourceTree = "<group>"; };
		217F6D941532C34800F8437A /* SQLProxyDataSet.h */ = {isa = PBXFileReference; fileEncoding = 4; lastKnownFileType = sourcecode.c.h; path = SQLProxyDataSet.h; sourceTree = "<group>"; };
		217F6D951532C34800F8437A /* SQLProxyResult.cpp */ = {isa = PBXFileReference; fileEncoding = 4; lastKnownFileType = sourcecode.cpp.cpp; path = SQLProxyResult.cpp; sourceTree = "<group>"; };
		217F6D961532C34800F8437A /* SQLProxyResult.h */ = {isa = PBXFileReference; fileEncoding = 4; lastKnownFileType = sourcecode.c.h; path = SQLProxyResult.h; sourceTree = "<group>"; };
		217F6DA01532C36300F8437A /* MySQLProxy.cpp */ = {isa = PBXFileReference; fileEncoding = 4; lastKnownFileType = sourcecode.cpp.cpp; name = MySQLProxy.cpp; path = ../../MySQLProxy.cpp; sourceTree = "<group>"; };
		217F6DA11532C36300F8437A /* MySQLProxy.h */ = {isa = PBXFileReference; fileEncoding = 4; lastKnownFileType = sourcecode.c.h; name = MySQLProxy.h; path = ../../MySQLProxy.h; sourceTree = "<group>"; };
		21A1FB6514C1538900674BA6 /* sqlproxy */ = {isa = PBXFileReference; explicitFileType = "compiled.mach-o.executable"; includeInIndex = 0; path = sqlproxy; sourceTree = BUILT_PRODUCTS_DIR; };
		21C2631A1532D076004AD24A /* MemcachedProxy.cpp */ = {isa = PBXFileReference; fileEncoding = 4; lastKnownFileType = sourcecode.cpp.cpp; name = MemcachedProxy.cpp; path = ../../MemcachedProxy.cpp; sourceTree = "<group>"; };
		21C2631B1532D076004AD24A /* MemcachedProxy.h */ = {isa = PBXFileReference; fileEncoding = 4; lastKnownFileType = sourcecode.c.h; name = MemcachedProxy.h; path = ../../MemcachedProxy.h; sourceTree = "<group>"; };
/* End PBXFileReference section */

/* Begin PBXFrameworksBuildPhase section */
		21A1FB6214C1538900674BA6 /* Frameworks */ = {
			isa = PBXFrameworksBuildPhase;
			buildActionMask = 2147483647;
			files = (
				2128AB211530A21300F0CC59 /* SqlEngineLib.dylib in Frameworks */,
			);
			runOnlyForDeploymentPostprocessing = 0;
		};
/* End PBXFrameworksBuildPhase section */

/* Begin PBXGroup section */
		2106CEA915309F49002246F7 /* Products */ = {
			isa = PBXGroup;
			children = (
				2106CEAD15309F4A002246F7 /* SqlEngineLib.dylib */,
			);
			name = Products;
			sourceTree = "<group>";
		};
		21194CAB1530AC8B008C0C5A /* Sources */ = {
			isa = PBXGroup;
			children = (
				217F6D8E1532C34800F8437A /* common */,
				217F6DA11532C36300F8437A /* MySQLProxy.h */,
				217F6DA01532C36300F8437A /* MySQLProxy.cpp */,
				21C2631B1532D076004AD24A /* MemcachedProxy.h */,
				21C2631A1532D076004AD24A /* MemcachedProxy.cpp */,
				21194CAC1530AC9C008C0C5A /* main.cpp */,
			);
			name = Sources;
			sourceTree = "<group>";
		};
		217F6D8E1532C34800F8437A /* common */ = {
			isa = PBXGroup;
			children = (
				217F6D8F1532C34800F8437A /* MD5.cpp */,
				217F6D901532C34800F8437A /* MD5.h */,
				217F6D911532C34800F8437A /* SQLProxy.cpp */,
				217F6D921532C34800F8437A /* SQLProxy.h */,
				217F6D931532C34800F8437A /* SQLProxyDataSet.cpp */,
				217F6D941532C34800F8437A /* SQLProxyDataSet.h */,
				217F6D951532C34800F8437A /* SQLProxyResult.cpp */,
				217F6D961532C34800F8437A /* SQLProxyResult.h */,
			);
			name = common;
			path = ../../../common;
			sourceTree = "<group>";
		};
		21A1FB5A14C1538900674BA6 = {
			isa = PBXGroup;
			children = (
				21194CAB1530AC8B008C0C5A /* Sources */,
				21E7FE4214C15442000DF04E /* Frameworks */,
				21A1FB6614C1538900674BA6 /* Products */,
			);
			sourceTree = "<group>";
		};
		21A1FB6614C1538900674BA6 /* Products */ = {
			isa = PBXGroup;
			children = (
				21A1FB6514C1538900674BA6 /* sqlproxy */,
			);
			name = Products;
			sourceTree = "<group>";
		};
		21E7FE4214C15442000DF04E /* Frameworks */ = {
			isa = PBXGroup;
			children = (
				2106CEA815309F49002246F7 /* SqlEngineLib.xcodeproj */,
			);
			name = Frameworks;
			sourceTree = "<group>";
		};
/* End PBXGroup section */

/* Begin PBXNativeTarget section */
		21A1FB6414C1538900674BA6 /* sqlproxy */ = {
			isa = PBXNativeTarget;
			buildConfigurationList = 21A1FB6F14C1538900674BA6 /* Build configuration list for PBXNativeTarget "sqlproxy" */;
			buildPhases = (
				21A1FB6114C1538900674BA6 /* Sources */,
				21A1FB6214C1538900674BA6 /* Frameworks */,
				21A1FB6314C1538900674BA6 /* CopyFiles */,
			);
			buildRules = (
			);
			dependencies = (
				2128AB201530A20F00F0CC59 /* PBXTargetDependency */,
			);
			name = sqlproxy;
			productName = sqlproxy;
			productReference = 21A1FB6514C1538900674BA6 /* sqlproxy */;
			productType = "com.apple.product-type.tool";
		};
/* End PBXNativeTarget section */

/* Begin PBXProject section */
		21A1FB5C14C1538900674BA6 /* Project object */ = {
			isa = PBXProject;
			attributes = {
				LastUpgradeCheck = 0420;
			};
			buildConfigurationList = 21A1FB5F14C1538900674BA6 /* Build configuration list for PBXProject "sqlproxy" */;
			compatibilityVersion = "Xcode 3.2";
			developmentRegion = English;
			hasScannedForEncodings = 0;
			knownRegions = (
				en,
			);
			mainGroup = 21A1FB5A14C1538900674BA6;
			productRefGroup = 21A1FB6614C1538900674BA6 /* Products */;
			projectDirPath = "";
			projectReferences = (
				{
					ProductGroup = 2106CEA915309F49002246F7 /* Products */;
					ProjectRef = 2106CEA815309F49002246F7 /* SqlEngineLib.xcodeproj */;
				},
			);
			projectRoot = "";
			targets = (
				21A1FB6414C1538900674BA6 /* sqlproxy */,
			);
		};
/* End PBXProject section */

/* Begin PBXReferenceProxy section */
		2106CEAD15309F4A002246F7 /* SqlEngineLib.dylib */ = {
			isa = PBXReferenceProxy;
			fileType = "compiled.mach-o.dylib";
			path = SqlEngineLib.dylib;
			remoteRef = 2106CEAC15309F4A002246F7 /* PBXContainerItemProxy */;
			sourceTree = BUILT_PRODUCTS_DIR;
		};
/* End PBXReferenceProxy section */

/* Begin PBXSourcesBuildPhase section */
		21A1FB6114C1538900674BA6 /* Sources */ = {
			isa = PBXSourcesBuildPhase;
			buildActionMask = 2147483647;
			files = (
				21194CAD1530AC9C008C0C5A /* main.cpp in Sources */,
				217F6D9A1532C34800F8437A /* MD5.cpp in Sources */,
				217F6D9B1532C34800F8437A /* SQLProxy.cpp in Sources */,
				217F6D9C1532C34800F8437A /* SQLProxyDataSet.cpp in Sources */,
				217F6D9D1532C34800F8437A /* SQLProxyResult.cpp in Sources */,
				217F6DA21532C36300F8437A /* MySQLProxy.cpp in Sources */,
				21C2631C1532D076004AD24A /* MemcachedProxy.cpp in Sources */,
			);
			runOnlyForDeploymentPostprocessing = 0;
		};
/* End PBXSourcesBuildPhase section */

/* Begin PBXTargetDependency section */
		2128AB201530A20F00F0CC59 /* PBXTargetDependency */ = {
			isa = PBXTargetDependency;
			name = SqlEngineLib;
			targetProxy = 2128AB1F1530A20F00F0CC59 /* PBXContainerItemProxy */;
		};
/* End PBXTargetDependency section */

/* Begin XCBuildConfiguration section */
		21A1FB6D14C1538900674BA6 /* Debug */ = {
			isa = XCBuildConfiguration;
			buildSettings = {
				ALWAYS_SEARCH_USER_PATHS = NO;
				ARCHS = "$(ARCHS_STANDARD_64_BIT)";
				COPY_PHASE_STRIP = NO;
				GCC_C_LANGUAGE_STANDARD = gnu99;
				GCC_DYNAMIC_NO_PIC = NO;
				GCC_ENABLE_OBJC_EXCEPTIONS = YES;
				GCC_OPTIMIZATION_LEVEL = 0;
				GCC_PREPROCESSOR_DEFINITIONS = (
					"DEBUG=1",
					"$(inherited)",
				);
				GCC_SYMBOLS_PRIVATE_EXTERN = NO;
				GCC_VERSION = com.apple.compilers.llvm.clang.1_0;
				GCC_WARN_64_TO_32_BIT_CONVERSION = YES;
				GCC_WARN_ABOUT_MISSING_PROTOTYPES = YES;
				GCC_WARN_ABOUT_RETURN_TYPE = YES;
				GCC_WARN_UNUSED_VARIABLE = YES;
				HEADER_SEARCH_PATHS = ../../../../include;
				MACOSX_DEPLOYMENT_TARGET = 10.6;
				ONLY_ACTIVE_ARCH = YES;
				OTHER_LDFLAGS = "-ledit";
				SDKROOT = macosx;
			};
			name = Debug;
		};
		21A1FB6E14C1538900674BA6 /* Release */ = {
			isa = XCBuildConfiguration;
			buildSettings = {
				ALWAYS_SEARCH_USER_PATHS = NO;
				ARCHS = "$(ARCHS_STANDARD_64_BIT)";
				COPY_PHASE_STRIP = YES;
				DEBUG_INFORMATION_FORMAT = "dwarf-with-dsym";
				GCC_C_LANGUAGE_STANDARD = gnu99;
				GCC_ENABLE_OBJC_EXCEPTIONS = YES;
				GCC_VERSION = com.apple.compilers.llvm.clang.1_0;
				GCC_WARN_64_TO_32_BIT_CONVERSION = YES;
				GCC_WARN_ABOUT_MISSING_PROTOTYPES = YES;
				GCC_WARN_ABOUT_RETURN_TYPE = YES;
				GCC_WARN_UNUSED_VARIABLE = YES;
				HEADER_SEARCH_PATHS = ../../../../include;
				MACOSX_DEPLOYMENT_TARGET = 10.6;
				OTHER_LDFLAGS = "-ledit";
				SDKROOT = macosx;
			};
			name = Release;
		};
		21A1FB7014C1538900674BA6 /* Debug */ = {
			isa = XCBuildConfiguration;
			buildSettings = {
				HEADER_SEARCH_PATHS = (
					/opt/local/include,
					../../../../include,
					/opt/local/include/mysql5,
				);
				LIBRARY_SEARCH_PATHS = (
					/opt/local/lib,
					/opt/local/lib/mysql5/mysql,
				);
				OTHER_LDFLAGS = (
					"-ledit",
					"-lcrypto",
					"-lmysqlclient",
					"-lmemcached",
				);
				PRODUCT_NAME = "$(TARGET_NAME)";
			};
			name = Debug;
		};
		21A1FB7114C1538900674BA6 /* Release */ = {
			isa = XCBuildConfiguration;
			buildSettings = {
				HEADER_SEARCH_PATHS = (
					/opt/local/include,
					../../../../include,
					/opt/local/include/mysql5,
				);
				LIBRARY_SEARCH_PATHS = (
					/opt/local/lib,
					/opt/local/lib/mysql5/mysql,
				);
				OTHER_LDFLAGS = (
					"-ledit",
					"-lcrypto",
					"-lmysqlclient",
					"-lmemcached",
				);
				PRODUCT_NAME = "$(TARGET_NAME)";
			};
			name = Release;
		};
/* End XCBuildConfiguration section */

/* Begin XCConfigurationList section */
		21A1FB5F14C1538900674BA6 /* Build configuration list for PBXProject "sqlproxy" */ = {
			isa = XCConfigurationList;
			buildConfigurations = (
				21A1FB6D14C1538900674BA6 /* Debug */,
				21A1FB6E14C1538900674BA6 /* Release */,
			);
			defaultConfigurationIsVisible = 0;
			defaultConfigurationName = Release;
		};
		21A1FB6F14C1538900674BA6 /* Build configuration list for PBXNativeTarget "sqlproxy" */ = {
			isa = XCConfigurationList;
			buildConfigurations = (
				21A1FB7014C1538900674BA6 /* Debug */,
				21A1FB7114C1538900674BA6 /* Release */,
			);
			defaultConfigurationIsVisible = 0;
			defaultConfigurationName = Release;
		};
/* End XCConfigurationList section */
	};
	rootObject = 21A1FB5C14C1538900674BA6 /* Project object */;
}
