// !$*UTF8*$!
{
	archiveVersion = 1;
	classes = {
	};
	objectVersion = 46;
	objects = {

/* Begin PBXBuildFile section */
		212ADBCB14682496004E5FBF /* SqlEngineLib.dylib in Frameworks */ = {isa = PBXBuildFile; fileRef = 212ADBC81468246C004E5FBF /* SqlEngineLib.dylib */; };
		212D74891446C232003632AD /* main.cpp in Sources */ = {isa = PBXBuildFile; fileRef = 212D74881446C232003632AD /* main.cpp */; };
		2140983014CD162300FE79B9 /* LevelDB.cpp in Sources */ = {isa = PBXBuildFile; fileRef = 2140982E14CD162300FE79B9 /* LevelDB.cpp */; };
		2198DC7714DA5F51000BC543 /* Dictionary.cpp in Sources */ = {isa = PBXBuildFile; fileRef = 2198DC7314DA5F51000BC543 /* Dictionary.cpp */; };
		2198DC7814DA5F51000BC543 /* MD5.cpp in Sources */ = {isa = PBXBuildFile; fileRef = 2198DC7514DA5F51000BC543 /* MD5.cpp */; };
/* End PBXBuildFile section */

/* Begin PBXContainerItemProxy section */
		212ADBC71468246C004E5FBF /* PBXContainerItemProxy */ = {
			isa = PBXContainerItemProxy;
			containerPortal = 212ADBC31468246A004E5FBF /* SqlEngineLib.xcodeproj */;
			proxyType = 2;
			remoteGlobalIDString = 212FB5DA14681D420067F07B;
			remoteInfo = SqlEngineLib;
		};
		212ADBC914682490004E5FBF /* PBXContainerItemProxy */ = {
			isa = PBXContainerItemProxy;
			containerPortal = 212ADBC31468246A004E5FBF /* SqlEngineLib.xcodeproj */;
			proxyType = 1;
			remoteGlobalIDString = 212FB5D914681D420067F07B;
			remoteInfo = SqlEngineLib;
		};
/* End PBXContainerItemProxy section */

/* Begin PBXCopyFilesBuildPhase section */
		21CBB66D1446C13900EC94F5 /* CopyFiles */ = {
			isa = PBXCopyFilesBuildPhase;
			buildActionMask = 2147483647;
			dstPath = /usr/share/man/man1/;
			dstSubfolderSpec = 0;
			files = (
			);
			runOnlyForDeploymentPostprocessing = 1;
		};
/* End PBXCopyFilesBuildPhase section */

/* Begin PBXFileReference section */
		212ADBC31468246A004E5FBF /* SqlEngineLib.xcodeproj */ = {isa = PBXFileReference; lastKnownFileType = "wrapper.pb-project"; name = SqlEngineLib.xcodeproj; path = ../../../../lib/macosx/xcode/SqlEngineLib.xcodeproj; sourceTree = "<group>"; };
		212D74881446C232003632AD /* main.cpp */ = {isa = PBXFileReference; fileEncoding = 4; lastKnownFileType = sourcecode.cpp.cpp; name = main.cpp; path = ../../main.cpp; sourceTree = SOURCE_ROOT; };
		2140982E14CD162300FE79B9 /* LevelDB.cpp */ = {isa = PBXFileReference; fileEncoding = 4; lastKnownFileType = sourcecode.cpp.cpp; name = LevelDB.cpp; path = ../../LevelDB.cpp; sourceTree = "<group>"; };
		2140982F14CD162300FE79B9 /* LevelDB.h */ = {isa = PBXFileReference; fileEncoding = 4; lastKnownFileType = sourcecode.c.h; name = LevelDB.h; path = ../../LevelDB.h; sourceTree = "<group>"; };
		2198DC7314DA5F51000BC543 /* Dictionary.cpp */ = {isa = PBXFileReference; fileEncoding = 4; lastKnownFileType = sourcecode.cpp.cpp; name = Dictionary.cpp; path = ../../../common/Dictionary.cpp; sourceTree = "<group>"; };
		2198DC7414DA5F51000BC543 /* Dictionary.h */ = {isa = PBXFileReference; fileEncoding = 4; lastKnownFileType = sourcecode.c.h; name = Dictionary.h; path = ../../../common/Dictionary.h; sourceTree = "<group>"; };
		2198DC7514DA5F51000BC543 /* MD5.cpp */ = {isa = PBXFileReference; fileEncoding = 4; lastKnownFileType = sourcecode.cpp.cpp; name = MD5.cpp; path = ../../../common/MD5.cpp; sourceTree = "<group>"; };
		2198DC7614DA5F51000BC543 /* MD5.h */ = {isa = PBXFileReference; fileEncoding = 4; lastKnownFileType = sourcecode.c.h; name = MD5.h; path = ../../../common/MD5.h; sourceTree = "<group>"; };
		21CBB66F1446C13900EC94F5 /* leveldb */ = {isa = PBXFileReference; explicitFileType = "compiled.mach-o.executable"; includeInIndex = 0; path = leveldb; sourceTree = BUILT_PRODUCTS_DIR; };
/* End PBXFileReference section */

/* Begin PBXFrameworksBuildPhase section */
		21CBB66C1446C13900EC94F5 /* Frameworks */ = {
			isa = PBXFrameworksBuildPhase;
			buildActionMask = 2147483647;
			files = (
				212ADBCB14682496004E5FBF /* SqlEngineLib.dylib in Frameworks */,
			);
			runOnlyForDeploymentPostprocessing = 0;
		};
/* End PBXFrameworksBuildPhase section */

/* Begin PBXGroup section */
		212ADBC41468246A004E5FBF /* Products */ = {
			isa = PBXGroup;
			children = (
				212ADBC81468246C004E5FBF /* SqlEngineLib.dylib */,
			);
			name = Products;
			sourceTree = "<group>";
		};
		212D74871446C219003632AD /* Src */ = {
			isa = PBXGroup;
			children = (
				2198DC7314DA5F51000BC543 /* Dictionary.cpp */,
				2198DC7414DA5F51000BC543 /* Dictionary.h */,
				2198DC7514DA5F51000BC543 /* MD5.cpp */,
				2198DC7614DA5F51000BC543 /* MD5.h */,
				2140982E14CD162300FE79B9 /* LevelDB.cpp */,
				2140982F14CD162300FE79B9 /* LevelDB.h */,
				212D74881446C232003632AD /* main.cpp */,
			);
			name = Src;
			sourceTree = "<group>";
		};
		213FE63E146821F4000F36F2 /* Frameworks */ = {
			isa = PBXGroup;
			children = (
				212ADBC31468246A004E5FBF /* SqlEngineLib.xcodeproj */,
			);
			name = Frameworks;
			sourceTree = "<group>";
		};
		21CBB6641446C13900EC94F5 = {
			isa = PBXGroup;
			children = (
				212D74871446C219003632AD /* Src */,
				213FE63E146821F4000F36F2 /* Frameworks */,
				21CBB6701446C13900EC94F5 /* Products */,
			);
			sourceTree = "<group>";
		};
		21CBB6701446C13900EC94F5 /* Products */ = {
			isa = PBXGroup;
			children = (
				21CBB66F1446C13900EC94F5 /* leveldb */,
			);
			name = Products;
			sourceTree = "<group>";
		};
/* End PBXGroup section */

/* Begin PBXNativeTarget section */
		21CBB66E1446C13900EC94F5 /* leveldb */ = {
			isa = PBXNativeTarget;
			buildConfigurationList = 21CBB6791446C13900EC94F5 /* Build configuration list for PBXNativeTarget "leveldb" */;
			buildPhases = (
				21CBB66B1446C13900EC94F5 /* Sources */,
				21CBB66C1446C13900EC94F5 /* Frameworks */,
				21CBB66D1446C13900EC94F5 /* CopyFiles */,
			);
			buildRules = (
			);
			dependencies = (
				212ADBCA14682490004E5FBF /* PBXTargetDependency */,
			);
			name = leveldb;
			productName = leveldb;
			productReference = 21CBB66F1446C13900EC94F5 /* leveldb */;
			productType = "com.apple.product-type.tool";
		};
/* End PBXNativeTarget section */

/* Begin PBXProject section */
		21CBB6661446C13900EC94F5 /* Project object */ = {
			isa = PBXProject;
			attributes = {
				LastUpgradeCheck = 0420;
			};
			buildConfigurationList = 21CBB6691446C13900EC94F5 /* Build configuration list for PBXProject "leveldb" */;
			compatibilityVersion = "Xcode 3.2";
			developmentRegion = English;
			hasScannedForEncodings = 0;
			knownRegions = (
				en,
			);
			mainGroup = 21CBB6641446C13900EC94F5;
			productRefGroup = 21CBB6701446C13900EC94F5 /* Products */;
			projectDirPath = "";
			projectReferences = (
				{
					ProductGroup = 212ADBC41468246A004E5FBF /* Products */;
					ProjectRef = 212ADBC31468246A004E5FBF /* SqlEngineLib.xcodeproj */;
				},
			);
			projectRoot = "";
			targets = (
				21CBB66E1446C13900EC94F5 /* leveldb */,
			);
		};
/* End PBXProject section */

/* Begin PBXReferenceProxy section */
		212ADBC81468246C004E5FBF /* SqlEngineLib.dylib */ = {
			isa = PBXReferenceProxy;
			fileType = "compiled.mach-o.dylib";
			path = SqlEngineLib.dylib;
			remoteRef = 212ADBC71468246C004E5FBF /* PBXContainerItemProxy */;
			sourceTree = BUILT_PRODUCTS_DIR;
		};
/* End PBXReferenceProxy section */

/* Begin PBXSourcesBuildPhase section */
		21CBB66B1446C13900EC94F5 /* Sources */ = {
			isa = PBXSourcesBuildPhase;
			buildActionMask = 2147483647;
			files = (
				212D74891446C232003632AD /* main.cpp in Sources */,
				2140983014CD162300FE79B9 /* LevelDB.cpp in Sources */,
				2198DC7714DA5F51000BC543 /* Dictionary.cpp in Sources */,
				2198DC7814DA5F51000BC543 /* MD5.cpp in Sources */,
			);
			runOnlyForDeploymentPostprocessing = 0;
		};
/* End PBXSourcesBuildPhase section */

/* Begin PBXTargetDependency section */
		212ADBCA14682490004E5FBF /* PBXTargetDependency */ = {
			isa = PBXTargetDependency;
			name = SqlEngineLib;
			targetProxy = 212ADBC914682490004E5FBF /* PBXContainerItemProxy */;
		};
/* End PBXTargetDependency section */

/* Begin XCBuildConfiguration section */
		21CBB6771446C13900EC94F5 /* Debug */ = {
			isa = XCBuildConfiguration;
			buildSettings = {
				ALWAYS_SEARCH_USER_PATHS = NO;
				ARCHS = "$(ARCHS_STANDARD_64_BIT)";
				COPY_PHASE_STRIP = NO;
				GCC_C_LANGUAGE_STANDARD = gnu99;
				GCC_DYNAMIC_NO_PIC = NO;
				GCC_ENABLE_OBJC_EXCEPTIONS = YES;
				GCC_OPTIMIZATION_LEVEL = 0;
				GCC_PREPROCESSOR_DEFINITIONS = (
					"DEBUG=1",
					"$(inherited)",
				);
				GCC_SYMBOLS_PRIVATE_EXTERN = NO;
				GCC_VERSION = com.apple.compilers.llvm.clang.1_0;
				GCC_WARN_64_TO_32_BIT_CONVERSION = YES;
				GCC_WARN_ABOUT_MISSING_PROTOTYPES = YES;
				GCC_WARN_ABOUT_RETURN_TYPE = YES;
				GCC_WARN_UNUSED_VARIABLE = YES;
				HEADER_SEARCH_PATHS = ../../../../include;
				MACOSX_DEPLOYMENT_TARGET = 10.6;
				ONLY_ACTIVE_ARCH = YES;
				OTHER_LDFLAGS = (
					"-lcrypto",
					"-ledit",
					"-lleveldb",
				);
				SDKROOT = macosx;
			};
			name = Debug;
		};
		21CBB6781446C13900EC94F5 /* Release */ = {
			isa = XCBuildConfiguration;
			buildSettings = {
				ALWAYS_SEARCH_USER_PATHS = NO;
				ARCHS = "$(ARCHS_STANDARD_64_BIT)";
				COPY_PHASE_STRIP = YES;
				DEBUG_INFORMATION_FORMAT = "dwarf-with-dsym";
				GCC_C_LANGUAGE_STANDARD = gnu99;
				GCC_ENABLE_OBJC_EXCEPTIONS = YES;
				GCC_VERSION = com.apple.compilers.llvm.clang.1_0;
				GCC_WARN_64_TO_32_BIT_CONVERSION = YES;
				GCC_WARN_ABOUT_MISSING_PROTOTYPES = YES;
				GCC_WARN_ABOUT_RETURN_TYPE = YES;
				GCC_WARN_UNUSED_VARIABLE = YES;
				HEADER_SEARCH_PATHS = ../../../../include;
				MACOSX_DEPLOYMENT_TARGET = 10.6;
				OTHER_LDFLAGS = (
					"-lcrypto",
					"-ledit",
					"-lleveldb",
				);
				SDKROOT = macosx;
			};
			name = Release;
		};
		21CBB67A1446C13900EC94F5 /* Debug */ = {
			isa = XCBuildConfiguration;
			buildSettings = {
				HEADER_SEARCH_PATHS = (
					/opt/local/include,
					../../../../include,
				);
				PRODUCT_NAME = "$(TARGET_NAME)";
			};
			name = Debug;
		};
		21CBB67B1446C13900EC94F5 /* Release */ = {
			isa = XCBuildConfiguration;
			buildSettings = {
				HEADER_SEARCH_PATHS = (
					/opt/local/include,
					../../../../include,
				);
				PRODUCT_NAME = "$(TARGET_NAME)";
			};
			name = Release;
		};
/* End XCBuildConfiguration section */

/* Begin XCConfigurationList section */
		21CBB6691446C13900EC94F5 /* Build configuration list for PBXProject "leveldb" */ = {
			isa = XCConfigurationList;
			buildConfigurations = (
				21CBB6771446C13900EC94F5 /* Debug */,
				21CBB6781446C13900EC94F5 /* Release */,
			);
			defaultConfigurationIsVisible = 0;
			defaultConfigurationName = Release;
		};
		21CBB6791446C13900EC94F5 /* Build configuration list for PBXNativeTarget "leveldb" */ = {
			isa = XCConfigurationList;
			buildConfigurations = (
				21CBB67A1446C13900EC94F5 /* Debug */,
				21CBB67B1446C13900EC94F5 /* Release */,
			);
			defaultConfigurationIsVisible = 0;
			defaultConfigurationName = Release;
		};
/* End XCConfigurationList section */
	};
	rootObject = 21CBB6661446C13900EC94F5 /* Project object */;
}
