// !$*UTF8*$!
{
	archiveVersion = 1;
	classes = {
	};
	objectVersion = 46;
	objects = {

/* Begin PBXBuildFile section */
		213544631A695D2B006258C2 /* GQLParser.h in Headers */ = {isa = PBXBuildFile; fileRef = 213544451A695D2B006258C2 /* GQLParser.h */; };
		213544641A695D2B006258C2 /* SQLCollection.h in Headers */ = {isa = PBXBuildFile; fileRef = 213544471A695D2B006258C2 /* SQLCollection.h */; };
		213544651A695D2B006258C2 /* SQLCollections.h in Headers */ = {isa = PBXBuildFile; fileRef = 213544481A695D2B006258C2 /* SQLCollections.h */; };
		213544661A695D2B006258C2 /* SQLColumns.h in Headers */ = {isa = PBXBuildFile; fileRef = 213544491A695D2B006258C2 /* SQLColumns.h */; };
		213544671A695D2B006258C2 /* SQLCommand.h in Headers */ = {isa = PBXBuildFile; fileRef = 2135444A1A695D2B006258C2 /* SQLCommand.h */; };
		213544681A695D2B006258C2 /* SQLCondition.h in Headers */ = {isa = PBXBuildFile; fileRef = 2135444B1A695D2B006258C2 /* SQLCondition.h */; };
		213544691A695D2B006258C2 /* SQLDataSet.h in Headers */ = {isa = PBXBuildFile; fileRef = 2135444C1A695D2B006258C2 /* SQLDataSet.h */; };
		2135446A1A695D2B006258C2 /* SQLExpression.h in Headers */ = {isa = PBXBuildFile; fileRef = 2135444D1A695D2B006258C2 /* SQLExpression.h */; };
		2135446B1A695D2B006258C2 /* SQLFunction.h in Headers */ = {isa = PBXBuildFile; fileRef = 2135444E1A695D2B006258C2 /* SQLFunction.h */; };
		2135446C1A695D2B006258C2 /* SQLGroupBy.h in Headers */ = {isa = PBXBuildFile; fileRef = 2135444F1A695D2B006258C2 /* SQLGroupBy.h */; };
		2135446D1A695D2B006258C2 /* SQLIndex.h in Headers */ = {isa = PBXBuildFile; fileRef = 213544501A695D2B006258C2 /* SQLIndex.h */; };
		2135446E1A695D2B006258C2 /* SQLLimit.h in Headers */ = {isa = PBXBuildFile; fileRef = 213544511A695D2B006258C2 /* SQLLimit.h */; };
		2135446F1A695D2B006258C2 /* SQLOffset.h in Headers */ = {isa = PBXBuildFile; fileRef = 213544521A695D2B006258C2 /* SQLOffset.h */; };
		213544701A695D2B006258C2 /* SQLOperator.h in Headers */ = {isa = PBXBuildFile; fileRef = 213544531A695D2B006258C2 /* SQLOperator.h */; };
		213544711A695D2B006258C2 /* SQLOption.h in Headers */ = {isa = PBXBuildFile; fileRef = 213544541A695D2B006258C2 /* SQLOption.h */; };
		213544721A695D2B006258C2 /* SQLOrder.h in Headers */ = {isa = PBXBuildFile; fileRef = 213544551A695D2B006258C2 /* SQLOrder.h */; };
		213544731A695D2B006258C2 /* SQLOrderBy.h in Headers */ = {isa = PBXBuildFile; fileRef = 213544561A695D2B006258C2 /* SQLOrderBy.h */; };
		213544741A695D2B006258C2 /* SQLSet.h in Headers */ = {isa = PBXBuildFile; fileRef = 213544571A695D2B006258C2 /* SQLSet.h */; };
		213544751A695D2B006258C2 /* SQLSets.h in Headers */ = {isa = PBXBuildFile; fileRef = 213544581A695D2B006258C2 /* SQLSets.h */; };
		213544761A695D2B006258C2 /* SQLTransaction.h in Headers */ = {isa = PBXBuildFile; fileRef = 213544591A695D2B006258C2 /* SQLTransaction.h */; };
		213544771A695D2B006258C2 /* SQLValues.h in Headers */ = {isa = PBXBuildFile; fileRef = 2135445A1A695D2B006258C2 /* SQLValues.h */; };
		213544791A695D2B006258C2 /* SQL92Parser.h in Headers */ = {isa = PBXBuildFile; fileRef = 2135445C1A695D2B006258C2 /* SQL92Parser.h */; };
		2135447A1A695D2B006258C2 /* SQLError.h in Headers */ = {isa = PBXBuildFile; fileRef = 2135445D1A695D2B006258C2 /* SQLError.h */; };
		2135447B1A695D2B006258C2 /* SQLNode.h in Headers */ = {isa = PBXBuildFile; fileRef = 2135445E1A695D2B006258C2 /* SQLNode.h */; };
		2135447C1A695D2B006258C2 /* SQLNodes.h in Headers */ = {isa = PBXBuildFile; fileRef = 2135445F1A695D2B006258C2 /* SQLNodes.h */; };
		2135447D1A695D2B006258C2 /* SQLParser.h in Headers */ = {isa = PBXBuildFile; fileRef = 213544601A695D2B006258C2 /* SQLParser.h */; };
		2135447E1A695D2B006258C2 /* SQLStatement.h in Headers */ = {isa = PBXBuildFile; fileRef = 213544611A695D2B006258C2 /* SQLStatement.h */; };
		2135447F1A695D2B006258C2 /* UnQLParser.h in Headers */ = {isa = PBXBuildFile; fileRef = 213544621A695D2B006258C2 /* UnQLParser.h */; };
		218807561A695E10007FA67D /* GQLParser.cpp in Sources */ = {isa = PBXBuildFile; fileRef = 2188072A1A695E10007FA67D /* GQLParser.cpp */; };
		218807571A695E10007FA67D /* SQLColumns.cpp in Sources */ = {isa = PBXBuildFile; fileRef = 218807371A695E10007FA67D /* SQLColumns.cpp */; };
		218807581A695E10007FA67D /* SQLCommand.cpp in Sources */ = {isa = PBXBuildFile; fileRef = 218807381A695E10007FA67D /* SQLCommand.cpp */; };
		218807591A695E10007FA67D /* SQLDictionary.cpp in Sources */ = {isa = PBXBuildFile; fileRef = 218807391A695E10007FA67D /* SQLDictionary.cpp */; };
		2188075A1A695E10007FA67D /* SQLExpression.cpp in Sources */ = {isa = PBXBuildFile; fileRef = 2188073A1A695E10007FA67D /* SQLExpression.cpp */; };
		2188075B1A695E10007FA67D /* SQLOperator.cpp in Sources */ = {isa = PBXBuildFile; fileRef = 2188073B1A695E10007FA67D /* SQLOperator.cpp */; };
		2188075C1A695E10007FA67D /* SQLOrder.cpp in Sources */ = {isa = PBXBuildFile; fileRef = 2188073C1A695E10007FA67D /* SQLOrder.cpp */; };
		2188075D1A695E10007FA67D /* SQLSet.cpp in Sources */ = {isa = PBXBuildFile; fileRef = 2188073D1A695E10007FA67D /* SQLSet.cpp */; };
		2188075E1A695E10007FA67D /* SQLValues.cpp in Sources */ = {isa = PBXBuildFile; fileRef = 2188073E1A695E10007FA67D /* SQLValues.cpp */; };
		218807611A695E10007FA67D /* SQLLexer.h in Headers */ = {isa = PBXBuildFile; fileRef = 2188074A1A695E10007FA67D /* SQLLexer.h */; };
		218807621A695E10007FA67D /* SQLLexerFunc.cpp in Sources */ = {isa = PBXBuildFile; fileRef = 2188074B1A695E10007FA67D /* SQLLexerFunc.cpp */; };
		218807631A695E10007FA67D /* SQLParser.h in Headers */ = {isa = PBXBuildFile; fileRef = 2188074C1A695E10007FA67D /* SQLParser.h */; };
		218807641A695E10007FA67D /* SQLParserFunc.cpp in Sources */ = {isa = PBXBuildFile; fileRef = 2188074D1A695E10007FA67D /* SQLParserFunc.cpp */; };
		218807651A695E10007FA67D /* SQL92Parser.cpp in Sources */ = {isa = PBXBuildFile; fileRef = 2188074E1A695E10007FA67D /* SQL92Parser.cpp */; };
		218807661A695E10007FA67D /* SQLError.cpp in Sources */ = {isa = PBXBuildFile; fileRef = 2188074F1A695E10007FA67D /* SQLError.cpp */; };
		218807671A695E10007FA67D /* SQLNode.cpp in Sources */ = {isa = PBXBuildFile; fileRef = 218807501A695E10007FA67D /* SQLNode.cpp */; };
		218807681A695E10007FA67D /* SQLNodeList.cpp in Sources */ = {isa = PBXBuildFile; fileRef = 218807511A695E10007FA67D /* SQLNodeList.cpp */; };
		218807691A695E10007FA67D /* SQLParser.cpp in Sources */ = {isa = PBXBuildFile; fileRef = 218807521A695E10007FA67D /* SQLParser.cpp */; };
		2188076A1A695E10007FA67D /* SQLStatement.cpp in Sources */ = {isa = PBXBuildFile; fileRef = 218807531A695E10007FA67D /* SQLStatement.cpp */; };
		2188076B1A695E10007FA67D /* SQLStatementList.cpp in Sources */ = {isa = PBXBuildFile; fileRef = 218807541A695E10007FA67D /* SQLStatementList.cpp */; };
		2188076C1A695E10007FA67D /* UnQLParser.cpp in Sources */ = {isa = PBXBuildFile; fileRef = 218807551A695E10007FA67D /* UnQLParser.cpp */; };
/* End PBXBuildFile section */

/* Begin PBXFileReference section */
		213544451A695D2B006258C2 /* GQLParser.h */ = {isa = PBXFileReference; fileEncoding = 4; lastKnownFileType = sourcecode.c.h; path = GQLParser.h; sourceTree = "<group>"; };
		213544471A695D2B006258C2 /* SQLCollection.h */ = {isa = PBXFileReference; fileEncoding = 4; lastKnownFileType = sourcecode.c.h; path = SQLCollection.h; sourceTree = "<group>"; };
		213544481A695D2B006258C2 /* SQLCollections.h */ = {isa = PBXFileReference; fileEncoding = 4; lastKnownFileType = sourcecode.c.h; path = SQLCollections.h; sourceTree = "<group>"; };
		213544491A695D2B006258C2 /* SQLColumns.h */ = {isa = PBXFileReference; fileEncoding = 4; lastKnownFileType = sourcecode.c.h; path = SQLColumns.h; sourceTree = "<group>"; };
		2135444A1A695D2B006258C2 /* SQLCommand.h */ = {isa = PBXFileReference; fileEncoding = 4; lastKnownFileType = sourcecode.c.h; path = SQLCommand.h; sourceTree = "<group>"; };
		2135444B1A695D2B006258C2 /* SQLCondition.h */ = {isa = PBXFileReference; fileEncoding = 4; lastKnownFileType = sourcecode.c.h; path = SQLCondition.h; sourceTree = "<group>"; };
		2135444C1A695D2B006258C2 /* SQLDataSet.h */ = {isa = PBXFileReference; fileEncoding = 4; lastKnownFileType = sourcecode.c.h; path = SQLDataSet.h; sourceTree = "<group>"; };
		2135444D1A695D2B006258C2 /* SQLExpression.h */ = {isa = PBXFileReference; fileEncoding = 4; lastKnownFileType = sourcecode.c.h; path = SQLExpression.h; sourceTree = "<group>"; };
		2135444E1A695D2B006258C2 /* SQLFunction.h */ = {isa = PBXFileReference; fileEncoding = 4; lastKnownFileType = sourcecode.c.h; path = SQLFunction.h; sourceTree = "<group>"; };
		2135444F1A695D2B006258C2 /* SQLGroupBy.h */ = {isa = PBXFileReference; fileEncoding = 4; lastKnownFileType = sourcecode.c.h; path = SQLGroupBy.h; sourceTree = "<group>"; };
		213544501A695D2B006258C2 /* SQLIndex.h */ = {isa = PBXFileReference; fileEncoding = 4; lastKnownFileType = sourcecode.c.h; path = SQLIndex.h; sourceTree = "<group>"; };
		213544511A695D2B006258C2 /* SQLLimit.h */ = {isa = PBXFileReference; fileEncoding = 4; lastKnownFileType = sourcecode.c.h; path = SQLLimit.h; sourceTree = "<group>"; };
		213544521A695D2B006258C2 /* SQLOffset.h */ = {isa = PBXFileReference; fileEncoding = 4; lastKnownFileType = sourcecode.c.h; path = SQLOffset.h; sourceTree = "<group>"; };
		213544531A695D2B006258C2 /* SQLOperator.h */ = {isa = PBXFileReference; fileEncoding = 4; lastKnownFileType = sourcecode.c.h; path = SQLOperator.h; sourceTree = "<group>"; };
		213544541A695D2B006258C2 /* SQLOption.h */ = {isa = PBXFileReference; fileEncoding = 4; lastKnownFileType = sourcecode.c.h; path = SQLOption.h; sourceTree = "<group>"; };
		213544551A695D2B006258C2 /* SQLOrder.h */ = {isa = PBXFileReference; fileEncoding = 4; lastKnownFileType = sourcecode.c.h; path = SQLOrder.h; sourceTree = "<group>"; };
		213544561A695D2B006258C2 /* SQLOrderBy.h */ = {isa = PBXFileReference; fileEncoding = 4; lastKnownFileType = sourcecode.c.h; path = SQLOrderBy.h; sourceTree = "<group>"; };
		213544571A695D2B006258C2 /* SQLSet.h */ = {isa = PBXFileReference; fileEncoding = 4; lastKnownFileType = sourcecode.c.h; path = SQLSet.h; sourceTree = "<group>"; };
		213544581A695D2B006258C2 /* SQLSets.h */ = {isa = PBXFileReference; fileEncoding = 4; lastKnownFileType = sourcecode.c.h; path = SQLSets.h; sourceTree = "<group>"; };
		213544591A695D2B006258C2 /* SQLTransaction.h */ = {isa = PBXFileReference; fileEncoding = 4; lastKnownFileType = sourcecode.c.h; path = SQLTransaction.h; sourceTree = "<group>"; };
		2135445A1A695D2B006258C2 /* SQLValues.h */ = {isa = PBXFileReference; fileEncoding = 4; lastKnownFileType = sourcecode.c.h; path = SQLValues.h; sourceTree = "<group>"; };
		2135445C1A695D2B006258C2 /* SQL92Parser.h */ = {isa = PBXFileReference; fileEncoding = 4; lastKnownFileType = sourcecode.c.h; path = SQL92Parser.h; sourceTree = "<group>"; };
		2135445D1A695D2B006258C2 /* SQLError.h */ = {isa = PBXFileReference; fileEncoding = 4; lastKnownFileType = sourcecode.c.h; path = SQLError.h; sourceTree = "<group>"; };
		2135445E1A695D2B006258C2 /* SQLNode.h */ = {isa = PBXFileReference; fileEncoding = 4; lastKnownFileType = sourcecode.c.h; path = SQLNode.h; sourceTree = "<group>"; };
		2135445F1A695D2B006258C2 /* SQLNodes.h */ = {isa = PBXFileReference; fileEncoding = 4; lastKnownFileType = sourcecode.c.h; path = SQLNodes.h; sourceTree = "<group>"; };
		213544601A695D2B006258C2 /* SQLParser.h */ = {isa = PBXFileReference; fileEncoding = 4; lastKnownFileType = sourcecode.c.h; path = SQLParser.h; sourceTree = "<group>"; };
		213544611A695D2B006258C2 /* SQLStatement.h */ = {isa = PBXFileReference; fileEncoding = 4; lastKnownFileType = sourcecode.c.h; path = SQLStatement.h; sourceTree = "<group>"; };
		213544621A695D2B006258C2 /* UnQLParser.h */ = {isa = PBXFileReference; fileEncoding = 4; lastKnownFileType = sourcecode.c.h; path = UnQLParser.h; sourceTree = "<group>"; };
		2147B0C1192DC16E00F06DB4 /* libusql++.a */ = {isa = PBXFileReference; explicitFileType = archive.ar; includeInIndex = 0; path = "libusql++.a"; sourceTree = BUILT_PRODUCTS_DIR; };
		2188072A1A695E10007FA67D /* GQLParser.cpp */ = {isa = PBXFileReference; fileEncoding = 4; lastKnownFileType = sourcecode.cpp.cpp; path = GQLParser.cpp; sourceTree = "<group>"; };
		218807371A695E10007FA67D /* SQLColumns.cpp */ = {isa = PBXFileReference; fileEncoding = 4; lastKnownFileType = sourcecode.cpp.cpp; path = SQLColumns.cpp; sourceTree = "<group>"; };
		218807381A695E10007FA67D /* SQLCommand.cpp */ = {isa = PBXFileReference; fileEncoding = 4; lastKnownFileType = sourcecode.cpp.cpp; path = SQLCommand.cpp; sourceTree = "<group>"; };
		218807391A695E10007FA67D /* SQLDictionary.cpp */ = {isa = PBXFileReference; fileEncoding = 4; lastKnownFileType = sourcecode.cpp.cpp; path = SQLDictionary.cpp; sourceTree = "<group>"; };
		2188073A1A695E10007FA67D /* SQLExpression.cpp */ = {isa = PBXFileReference; fileEncoding = 4; lastKnownFileType = sourcecode.cpp.cpp; path = SQLExpression.cpp; sourceTree = "<group>"; };
		2188073B1A695E10007FA67D /* SQLOperator.cpp */ = {isa = PBXFileReference; fileEncoding = 4; lastKnownFileType = sourcecode.cpp.cpp; path = SQLOperator.cpp; sourceTree = "<group>"; };
		2188073C1A695E10007FA67D /* SQLOrder.cpp */ = {isa = PBXFileReference; fileEncoding = 4; lastKnownFileType = sourcecode.cpp.cpp; path = SQLOrder.cpp; sourceTree = "<group>"; };
		2188073D1A695E10007FA67D /* SQLSet.cpp */ = {isa = PBXFileReference; fileEncoding = 4; lastKnownFileType = sourcecode.cpp.cpp; path = SQLSet.cpp; sourceTree = "<group>"; };
		2188073E1A695E10007FA67D /* SQLValues.cpp */ = {isa = PBXFileReference; fileEncoding = 4; lastKnownFileType = sourcecode.cpp.cpp; path = SQLValues.cpp; sourceTree = "<group>"; };
		2188074A1A695E10007FA67D /* SQLLexer.h */ = {isa = PBXFileReference; fileEncoding = 4; lastKnownFileType = sourcecode.c.h; path = SQLLexer.h; sourceTree = "<group>"; };
		2188074B1A695E10007FA67D /* SQLLexerFunc.cpp */ = {isa = PBXFileReference; fileEncoding = 4; lastKnownFileType = sourcecode.cpp.cpp; path = SQLLexerFunc.cpp; sourceTree = "<group>"; };
		2188074C1A695E10007FA67D /* SQLParser.h */ = {isa = PBXFileReference; fileEncoding = 4; lastKnownFileType = sourcecode.c.h; path = SQLParser.h; sourceTree = "<group>"; };
		2188074D1A695E10007FA67D /* SQLParserFunc.cpp */ = {isa = PBXFileReference; fileEncoding = 4; lastKnownFileType = sourcecode.cpp.cpp; path = SQLParserFunc.cpp; sourceTree = "<group>"; };
		2188074E1A695E10007FA67D /* SQL92Parser.cpp */ = {isa = PBXFileReference; fileEncoding = 4; lastKnownFileType = sourcecode.cpp.cpp; path = SQL92Parser.cpp; sourceTree = "<group>"; };
		2188074F1A695E10007FA67D /* SQLError.cpp */ = {isa = PBXFileReference; fileEncoding = 4; lastKnownFileType = sourcecode.cpp.cpp; path = SQLError.cpp; sourceTree = "<group>"; };
		218807501A695E10007FA67D /* SQLNode.cpp */ = {isa = PBXFileReference; fileEncoding = 4; lastKnownFileType = sourcecode.cpp.cpp; path = SQLNode.cpp; sourceTree = "<group>"; };
		218807511A695E10007FA67D /* SQLNodeList.cpp */ = {isa = PBXFileReference; fileEncoding = 4; lastKnownFileType = sourcecode.cpp.cpp; path = SQLNodeList.cpp; sourceTree = "<group>"; };
		218807521A695E10007FA67D /* SQLParser.cpp */ = {isa = PBXFileReference; fileEncoding = 4; lastKnownFileType = sourcecode.cpp.cpp; path = SQLParser.cpp; sourceTree = "<group>"; };
		218807531A695E10007FA67D /* SQLStatement.cpp */ = {isa = PBXFileReference; fileEncoding = 4; lastKnownFileType = sourcecode.cpp.cpp; path = SQLStatement.cpp; sourceTree = "<group>"; };
		218807541A695E10007FA67D /* SQLStatementList.cpp */ = {isa = PBXFileReference; fileEncoding = 4; lastKnownFileType = sourcecode.cpp.cpp; path = SQLStatementList.cpp; sourceTree = "<group>"; };
		218807551A695E10007FA67D /* UnQLParser.cpp */ = {isa = PBXFileReference; fileEncoding = 4; lastKnownFileType = sourcecode.cpp.cpp; path = UnQLParser.cpp; sourceTree = "<group>"; };
/* End PBXFileReference section */

/* Begin PBXFrameworksBuildPhase section */
		2147B0BE192DC16E00F06DB4 /* Frameworks */ = {
			isa = PBXFrameworksBuildPhase;
			buildActionMask = 2147483647;
			files = (
			);
			runOnlyForDeploymentPostprocessing = 0;
		};
/* End PBXFrameworksBuildPhase section */

/* Begin PBXGroup section */
		213544441A695D2B006258C2 /* usql */ = {
			isa = PBXGroup;
			children = (
				213544451A695D2B006258C2 /* GQLParser.h */,
				213544461A695D2B006258C2 /* node */,
				2135445C1A695D2B006258C2 /* SQL92Parser.h */,
				2135445D1A695D2B006258C2 /* SQLError.h */,
				2135445E1A695D2B006258C2 /* SQLNode.h */,
				2135445F1A695D2B006258C2 /* SQLNodes.h */,
				213544601A695D2B006258C2 /* SQLParser.h */,
				213544611A695D2B006258C2 /* SQLStatement.h */,
				213544621A695D2B006258C2 /* UnQLParser.h */,
			);
			name = usql;
			path = ../../../include/usql;
			sourceTree = "<group>";
		};
		213544461A695D2B006258C2 /* node */ = {
			isa = PBXGroup;
			children = (
				213544471A695D2B006258C2 /* SQLCollection.h */,
				213544481A695D2B006258C2 /* SQLCollections.h */,
				213544491A695D2B006258C2 /* SQLColumns.h */,
				2135444A1A695D2B006258C2 /* SQLCommand.h */,
				2135444B1A695D2B006258C2 /* SQLCondition.h */,
				2135444C1A695D2B006258C2 /* SQLDataSet.h */,
				2135444D1A695D2B006258C2 /* SQLExpression.h */,
				2135444E1A695D2B006258C2 /* SQLFunction.h */,
				2135444F1A695D2B006258C2 /* SQLGroupBy.h */,
				213544501A695D2B006258C2 /* SQLIndex.h */,
				213544511A695D2B006258C2 /* SQLLimit.h */,
				213544521A695D2B006258C2 /* SQLOffset.h */,
				213544531A695D2B006258C2 /* SQLOperator.h */,
				213544541A695D2B006258C2 /* SQLOption.h */,
				213544551A695D2B006258C2 /* SQLOrder.h */,
				213544561A695D2B006258C2 /* SQLOrderBy.h */,
				213544571A695D2B006258C2 /* SQLSet.h */,
				213544581A695D2B006258C2 /* SQLSets.h */,
				213544591A695D2B006258C2 /* SQLTransaction.h */,
				2135445A1A695D2B006258C2 /* SQLValues.h */,
			);
			path = node;
			sourceTree = "<group>";
		};
		2147B0B8192DC16E00F06DB4 = {
			isa = PBXGroup;
			children = (
				21685F8A192DC1D8000DDFAF /* Headers */,
				21685F89192DC1CC000DDFAF /* Src */,
				2147B0C2192DC16E00F06DB4 /* Products */,
			);
			sourceTree = "<group>";
		};
		2147B0C2192DC16E00F06DB4 /* Products */ = {
			isa = PBXGroup;
			children = (
				2147B0C1192DC16E00F06DB4 /* libusql++.a */,
			);
			name = Products;
			sourceTree = "<group>";
		};
		21685F89192DC1CC000DDFAF /* Src */ = {
			isa = PBXGroup;
			children = (
				2188071D1A695E10007FA67D /* usql */,
			);
			name = Src;
			sourceTree = "<group>";
		};
		21685F8A192DC1D8000DDFAF /* Headers */ = {
			isa = PBXGroup;
			children = (
				213544441A695D2B006258C2 /* usql */,
			);
			name = Headers;
			sourceTree = "<group>";
		};
		2188071D1A695E10007FA67D /* usql */ = {
			isa = PBXGroup;
			children = (
				2188072A1A695E10007FA67D /* GQLParser.cpp */,
				2188072B1A695E10007FA67D /* node */,
				2188073F1A695E10007FA67D /* parser */,
				2188074E1A695E10007FA67D /* SQL92Parser.cpp */,
				2188074F1A695E10007FA67D /* SQLError.cpp */,
				218807501A695E10007FA67D /* SQLNode.cpp */,
				218807511A695E10007FA67D /* SQLNodeList.cpp */,
				218807521A695E10007FA67D /* SQLParser.cpp */,
				218807531A695E10007FA67D /* SQLStatement.cpp */,
				218807541A695E10007FA67D /* SQLStatementList.cpp */,
				218807551A695E10007FA67D /* UnQLParser.cpp */,
			);
			name = usql;
			path = ../../../src/usql;
			sourceTree = "<group>";
		};
		2188072B1A695E10007FA67D /* node */ = {
			isa = PBXGroup;
			children = (
				218807371A695E10007FA67D /* SQLColumns.cpp */,
				218807381A695E10007FA67D /* SQLCommand.cpp */,
				2188073A1A695E10007FA67D /* SQLExpression.cpp */,
				2188073B1A695E10007FA67D /* SQLOperator.cpp */,
				218807391A695E10007FA67D /* SQLDictionary.cpp */,
				2188073C1A695E10007FA67D /* SQLOrder.cpp */,
				2188073D1A695E10007FA67D /* SQLSet.cpp */,
				2188073E1A695E10007FA67D /* SQLValues.cpp */,
			);
			path = node;
			sourceTree = "<group>";
		};
		2188073F1A695E10007FA67D /* parser */ = {
			isa = PBXGroup;
			children = (
				218807401A695E10007FA67D /* antlr */,
			);
			path = parser;
			sourceTree = "<group>";
		};
		218807401A695E10007FA67D /* antlr */ = {
			isa = PBXGroup;
			children = (
				2188074A1A695E10007FA67D /* SQLLexer.h */,
				2188074B1A695E10007FA67D /* SQLLexerFunc.cpp */,
				2188074C1A695E10007FA67D /* SQLParser.h */,
				2188074D1A695E10007FA67D /* SQLParserFunc.cpp */,
			);
			path = antlr;
			sourceTree = "<group>";
		};
/* End PBXGroup section */

/* Begin PBXHeadersBuildPhase section */
		2147B0BF192DC16E00F06DB4 /* Headers */ = {
			isa = PBXHeadersBuildPhase;
			buildActionMask = 2147483647;
			files = (
				213544651A695D2B006258C2 /* SQLCollections.h in Headers */,
				2135446E1A695D2B006258C2 /* SQLLimit.h in Headers */,
				213544771A695D2B006258C2 /* SQLValues.h in Headers */,
				2135447F1A695D2B006258C2 /* UnQLParser.h in Headers */,
				213544761A695D2B006258C2 /* SQLTransaction.h in Headers */,
				2135446A1A695D2B006258C2 /* SQLExpression.h in Headers */,
				218807631A695E10007FA67D /* SQLParser.h in Headers */,
				213544661A695D2B006258C2 /* SQLColumns.h in Headers */,
				2135447B1A695D2B006258C2 /* SQLNode.h in Headers */,
				213544721A695D2B006258C2 /* SQLOrder.h in Headers */,
				213544631A695D2B006258C2 /* GQLParser.h in Headers */,
				2135447C1A695D2B006258C2 /* SQLNodes.h in Headers */,
				213544751A695D2B006258C2 /* SQLSets.h in Headers */,
				213544691A695D2B006258C2 /* SQLDataSet.h in Headers */,
				213544681A695D2B006258C2 /* SQLCondition.h in Headers */,
				213544671A695D2B006258C2 /* SQLCommand.h in Headers */,
				213544641A695D2B006258C2 /* SQLCollection.h in Headers */,
				213544741A695D2B006258C2 /* SQLSet.h in Headers */,
				213544731A695D2B006258C2 /* SQLOrderBy.h in Headers */,
				2135447D1A695D2B006258C2 /* SQLParser.h in Headers */,
				2135446D1A695D2B006258C2 /* SQLIndex.h in Headers */,
				213544791A695D2B006258C2 /* SQL92Parser.h in Headers */,
				2135447E1A695D2B006258C2 /* SQLStatement.h in Headers */,
				218807611A695E10007FA67D /* SQLLexer.h in Headers */,
				2135447A1A695D2B006258C2 /* SQLError.h in Headers */,
				2135446F1A695D2B006258C2 /* SQLOffset.h in Headers */,
				213544711A695D2B006258C2 /* SQLOption.h in Headers */,
				2135446C1A695D2B006258C2 /* SQLGroupBy.h in Headers */,
				2135446B1A695D2B006258C2 /* SQLFunction.h in Headers */,
				213544701A695D2B006258C2 /* SQLOperator.h in Headers */,
			);
			runOnlyForDeploymentPostprocessing = 0;
		};
/* End PBXHeadersBuildPhase section */

/* Begin PBXNativeTarget section */
		2147B0C0192DC16E00F06DB4 /* libusql++ */ = {
			isa = PBXNativeTarget;
			buildConfigurationList = 2147B0C5192DC16E00F06DB4 /* Build configuration list for PBXNativeTarget "libusql++" */;
			buildPhases = (
				2147B0BD192DC16E00F06DB4 /* Sources */,
				2147B0BE192DC16E00F06DB4 /* Frameworks */,
				2147B0BF192DC16E00F06DB4 /* Headers */,
			);
			buildRules = (
			);
			dependencies = (
			);
			name = "libusql++";
			productName = "libusql++";
			productReference = 2147B0C1192DC16E00F06DB4 /* libusql++.a */;
			productType = "com.apple.product-type.library.static";
		};
/* End PBXNativeTarget section */

/* Begin PBXProject section */
		2147B0B9192DC16E00F06DB4 /* Project object */ = {
			isa = PBXProject;
			attributes = {
				LastUpgradeCheck = 0600;
				ORGANIZATIONNAME = "Satoshi Konno";
			};
			buildConfigurationList = 2147B0BC192DC16E00F06DB4 /* Build configuration list for PBXProject "libusql++" */;
			compatibilityVersion = "Xcode 3.2";
			developmentRegion = English;
			hasScannedForEncodings = 0;
			knownRegions = (
				en,
			);
			mainGroup = 2147B0B8192DC16E00F06DB4;
			productRefGroup = 2147B0C2192DC16E00F06DB4 /* Products */;
			projectDirPath = "";
			projectRoot = "";
			targets = (
				2147B0C0192DC16E00F06DB4 /* libusql++ */,
			);
		};
/* End PBXProject section */

/* Begin PBXSourcesBuildPhase section */
		2147B0BD192DC16E00F06DB4 /* Sources */ = {
			isa = PBXSourcesBuildPhase;
			buildActionMask = 2147483647;
			files = (
				2188076C1A695E10007FA67D /* UnQLParser.cpp in Sources */,
				2188076A1A695E10007FA67D /* SQLStatement.cpp in Sources */,
				2188075B1A695E10007FA67D /* SQLOperator.cpp in Sources */,
				218807681A695E10007FA67D /* SQLNodeList.cpp in Sources */,
				2188076B1A695E10007FA67D /* SQLStatementList.cpp in Sources */,
				218807591A695E10007FA67D /* SQLDictionary.cpp in Sources */,
				218807571A695E10007FA67D /* SQLColumns.cpp in Sources */,
				2188075E1A695E10007FA67D /* SQLValues.cpp in Sources */,
				218807661A695E10007FA67D /* SQLError.cpp in Sources */,
				218807621A695E10007FA67D /* SQLLexerFunc.cpp in Sources */,
				218807561A695E10007FA67D /* GQLParser.cpp in Sources */,
				218807641A695E10007FA67D /* SQLParserFunc.cpp in Sources */,
				218807691A695E10007FA67D /* SQLParser.cpp in Sources */,
				2188075A1A695E10007FA67D /* SQLExpression.cpp in Sources */,
				218807581A695E10007FA67D /* SQLCommand.cpp in Sources */,
				218807651A695E10007FA67D /* SQL92Parser.cpp in Sources */,
				218807671A695E10007FA67D /* SQLNode.cpp in Sources */,
				2188075C1A695E10007FA67D /* SQLOrder.cpp in Sources */,
				2188075D1A695E10007FA67D /* SQLSet.cpp in Sources */,
			);
			runOnlyForDeploymentPostprocessing = 0;
		};
/* End PBXSourcesBuildPhase section */

/* Begin XCBuildConfiguration section */
		2147B0C3192DC16E00F06DB4 /* Debug */ = {
			isa = XCBuildConfiguration;
			buildSettings = {
				ALWAYS_SEARCH_USER_PATHS = NO;
				CLANG_CXX_LANGUAGE_STANDARD = "compiler-default";
				CLANG_CXX_LIBRARY = "compiler-default";
				CLANG_ENABLE_MODULES = YES;
				CLANG_ENABLE_OBJC_ARC = YES;
				CLANG_WARN_BOOL_CONVERSION = YES;
				CLANG_WARN_CONSTANT_CONVERSION = YES;
				CLANG_WARN_DIRECT_OBJC_ISA_USAGE = YES_ERROR;
				CLANG_WARN_EMPTY_BODY = YES;
				CLANG_WARN_ENUM_CONVERSION = YES;
				CLANG_WARN_INT_CONVERSION = YES;
				CLANG_WARN_OBJC_ROOT_CLASS = YES_ERROR;
				CLANG_WARN__DUPLICATE_METHOD_MATCH = YES;
				COPY_PHASE_STRIP = NO;
				GCC_C_LANGUAGE_STANDARD = gnu99;
				GCC_DYNAMIC_NO_PIC = NO;
				GCC_ENABLE_OBJC_EXCEPTIONS = YES;
				GCC_OPTIMIZATION_LEVEL = 0;
				GCC_PREPROCESSOR_DEFINITIONS = (
					"DEBUG=1",
					"$(inherited)",
				);
				GCC_SYMBOLS_PRIVATE_EXTERN = NO;
				GCC_WARN_64_TO_32_BIT_CONVERSION = YES;
				GCC_WARN_ABOUT_RETURN_TYPE = YES_ERROR;
				GCC_WARN_UNDECLARED_SELECTOR = YES;
				GCC_WARN_UNINITIALIZED_AUTOS = YES_AGGRESSIVE;
				GCC_WARN_UNUSED_FUNCTION = YES;
				GCC_WARN_UNUSED_VARIABLE = YES;
				HEADER_SEARCH_PATHS = (
					"$(inherited)",
					/Applications/Xcode.app/Contents/Developer/Toolchains/XcodeDefault.xctoolchain/usr/include,
					/usr/local/include,
					../../../include/,
					../../../src/,
				);
				LIBRARY_SEARCH_PATHS = /usr/local/lib;
				MACOSX_DEPLOYMENT_TARGET = 10.9;
				ONLY_ACTIVE_ARCH = YES;
				OTHER_LDFLAGS = "-lantlr3c";
				SDKROOT = macosx;
			};
			name = Debug;
		};
		2147B0C4192DC16E00F06DB4 /* Release */ = {
			isa = XCBuildConfiguration;
			buildSettings = {
				ALWAYS_SEARCH_USER_PATHS = NO;
				CLANG_CXX_LANGUAGE_STANDARD = "compiler-default";
				CLANG_CXX_LIBRARY = "compiler-default";
				CLANG_ENABLE_MODULES = YES;
				CLANG_ENABLE_OBJC_ARC = YES;
				CLANG_WARN_BOOL_CONVERSION = YES;
				CLANG_WARN_CONSTANT_CONVERSION = YES;
				CLANG_WARN_DIRECT_OBJC_ISA_USAGE = YES_ERROR;
				CLANG_WARN_EMPTY_BODY = YES;
				CLANG_WARN_ENUM_CONVERSION = YES;
				CLANG_WARN_INT_CONVERSION = YES;
				CLANG_WARN_OBJC_ROOT_CLASS = YES_ERROR;
				CLANG_WARN__DUPLICATE_METHOD_MATCH = YES;
				COPY_PHASE_STRIP = YES;
				DEBUG_INFORMATION_FORMAT = "dwarf-with-dsym";
				ENABLE_NS_ASSERTIONS = NO;
				GCC_C_LANGUAGE_STANDARD = gnu99;
				GCC_ENABLE_OBJC_EXCEPTIONS = YES;
				GCC_WARN_64_TO_32_BIT_CONVERSION = YES;
				GCC_WARN_ABOUT_RETURN_TYPE = YES_ERROR;
				GCC_WARN_UNDECLARED_SELECTOR = YES;
				GCC_WARN_UNINITIALIZED_AUTOS = YES_AGGRESSIVE;
				GCC_WARN_UNUSED_FUNCTION = YES;
				GCC_WARN_UNUSED_VARIABLE = YES;
				HEADER_SEARCH_PATHS = (
					"$(inherited)",
					/Applications/Xcode.app/Contents/Developer/Toolchains/XcodeDefault.xctoolchain/usr/include,
					/usr/local/include,
					../../../include/,
					../../../src/,
				);
				LIBRARY_SEARCH_PATHS = /usr/local/lib;
				MACOSX_DEPLOYMENT_TARGET = 10.9;
				OTHER_LDFLAGS = "-lantlr3c";
				SDKROOT = macosx;
			};
			name = Release;
		};
		2147B0C6192DC16E00F06DB4 /* Debug */ = {
			isa = XCBuildConfiguration;
			buildSettings = {
				CLANG_CXX_LANGUAGE_STANDARD = "c++0x";
				CLANG_CXX_LIBRARY = "libc++";
				COMBINE_HIDPI_IMAGES = YES;
				EXECUTABLE_PREFIX = "";
				PRODUCT_NAME = "$(TARGET_NAME)";
			};
			name = Debug;
		};
		2147B0C7192DC16E00F06DB4 /* Release */ = {
			isa = XCBuildConfiguration;
			buildSettings = {
				CLANG_CXX_LANGUAGE_STANDARD = "c++0x";
				CLANG_CXX_LIBRARY = "libc++";
				COMBINE_HIDPI_IMAGES = YES;
				EXECUTABLE_PREFIX = "";
				PRODUCT_NAME = "$(TARGET_NAME)";
			};
			name = Release;
		};
/* End XCBuildConfiguration section */

/* Begin XCConfigurationList section */
		2147B0BC192DC16E00F06DB4 /* Build configuration list for PBXProject "libusql++" */ = {
			isa = XCConfigurationList;
			buildConfigurations = (
				2147B0C3192DC16E00F06DB4 /* Debug */,
				2147B0C4192DC16E00F06DB4 /* Release */,
			);
			defaultConfigurationIsVisible = 0;
			defaultConfigurationName = Release;
		};
		2147B0C5192DC16E00F06DB4 /* Build configuration list for PBXNativeTarget "libusql++" */ = {
			isa = XCConfigurationList;
			buildConfigurations = (
				2147B0C6192DC16E00F06DB4 /* Debug */,
				2147B0C7192DC16E00F06DB4 /* Release */,
			);
			defaultConfigurationIsVisible = 0;
			defaultConfigurationName = Release;
		};
/* End XCConfigurationList section */
	};
	rootObject = 2147B0B9192DC16E00F06DB4 /* Project object */;
}
