// !$*UTF8*$!
{
	archiveVersion = 1;
	classes = {
	};
	objectVersion = 46;
	objects = {

/* Begin PBXBuildFile section */
		2153A77F152EA407007ADB59 /* SQLLexerFunc.cpp in Sources */ = {isa = PBXBuildFile; fileRef = 2153A77D152EA407007ADB59 /* SQLLexerFunc.cpp */; };
		2153A780152EA407007ADB59 /* SQLParserFunc.cpp in Sources */ = {isa = PBXBuildFile; fileRef = 2153A77E152EA407007ADB59 /* SQLParserFunc.cpp */; };
		21DF57D4152DFA7800CB100A /* GQLParser.cpp in Sources */ = {isa = PBXBuildFile; fileRef = 21DF57B6152DFA7800CB100A /* GQLParser.cpp */; };
		21DF57D5152DFA7800CB100A /* SQLColumns.cpp in Sources */ = {isa = PBXBuildFile; fileRef = 21DF57B8152DFA7800CB100A /* SQLColumns.cpp */; };
		21DF57D6152DFA7800CB100A /* SQLCommand.cpp in Sources */ = {isa = PBXBuildFile; fileRef = 21DF57B9152DFA7800CB100A /* SQLCommand.cpp */; };
		21DF57D7152DFA7800CB100A /* SQLDictionary.cpp in Sources */ = {isa = PBXBuildFile; fileRef = 21DF57BA152DFA7800CB100A /* SQLDictionary.cpp */; };
		21DF57D8152DFA7800CB100A /* SQLExpression.cpp in Sources */ = {isa = PBXBuildFile; fileRef = 21DF57BB152DFA7800CB100A /* SQLExpression.cpp */; };
		21DF57D9152DFA7800CB100A /* SQLOperator.cpp in Sources */ = {isa = PBXBuildFile; fileRef = 21DF57BC152DFA7800CB100A /* SQLOperator.cpp */; };
		21DF57DA152DFA7800CB100A /* SQLOrder.cpp in Sources */ = {isa = PBXBuildFile; fileRef = 21DF57BD152DFA7800CB100A /* SQLOrder.cpp */; };
		21DF57DB152DFA7800CB100A /* SQLSet.cpp in Sources */ = {isa = PBXBuildFile; fileRef = 21DF57BE152DFA7800CB100A /* SQLSet.cpp */; };
		21DF57DC152DFA7800CB100A /* SQLValues.cpp in Sources */ = {isa = PBXBuildFile; fileRef = 21DF57BF152DFA7800CB100A /* SQLValues.cpp */; };
		21DF57E1152DFA7800CB100A /* SQLLexer.h in Headers */ = {isa = PBXBuildFile; fileRef = 21DF57C9152DFA7800CB100A /* SQLLexer.h */; };
		21DF57E3152DFA7800CB100A /* SQLParser.h in Headers */ = {isa = PBXBuildFile; fileRef = 21DF57CB152DFA7800CB100A /* SQLParser.h */; };
		21DF57E4152DFA7800CB100A /* SQL92Parser.cpp in Sources */ = {isa = PBXBuildFile; fileRef = 21DF57CC152DFA7800CB100A /* SQL92Parser.cpp */; };
		21DF57E5152DFA7800CB100A /* SQLError.cpp in Sources */ = {isa = PBXBuildFile; fileRef = 21DF57CD152DFA7800CB100A /* SQLError.cpp */; };
		21DF57E6152DFA7800CB100A /* SQLNode.cpp in Sources */ = {isa = PBXBuildFile; fileRef = 21DF57CE152DFA7800CB100A /* SQLNode.cpp */; };
		21DF57E7152DFA7800CB100A /* SQLNodeList.cpp in Sources */ = {isa = PBXBuildFile; fileRef = 21DF57CF152DFA7800CB100A /* SQLNodeList.cpp */; };
		21DF57E8152DFA7800CB100A /* SQLParser.cpp in Sources */ = {isa = PBXBuildFile; fileRef = 21DF57D0152DFA7800CB100A /* SQLParser.cpp */; };
		21DF57E9152DFA7800CB100A /* SQLStatement.cpp in Sources */ = {isa = PBXBuildFile; fileRef = 21DF57D1152DFA7800CB100A /* SQLStatement.cpp */; };
		21DF57EA152DFA7800CB100A /* SQLStatementList.cpp in Sources */ = {isa = PBXBuildFile; fileRef = 21DF57D2152DFA7800CB100A /* SQLStatementList.cpp */; };
		21DF57EB152DFA7800CB100A /* UnQLParser.cpp in Sources */ = {isa = PBXBuildFile; fileRef = 21DF57D3152DFA7800CB100A /* UnQLParser.cpp */; };
		21DF580A152DFAA000CB100A /* GQLParser.h in Headers */ = {isa = PBXBuildFile; fileRef = 21DF57ED152DFAA000CB100A /* GQLParser.h */; };
		21DF580B152DFAA000CB100A /* SQLCollection.h in Headers */ = {isa = PBXBuildFile; fileRef = 21DF57EF152DFAA000CB100A /* SQLCollection.h */; };
		21DF580C152DFAA000CB100A /* SQLCollections.h in Headers */ = {isa = PBXBuildFile; fileRef = 21DF57F0152DFAA000CB100A /* SQLCollections.h */; };
		21DF580D152DFAA000CB100A /* SQLColumns.h in Headers */ = {isa = PBXBuildFile; fileRef = 21DF57F1152DFAA000CB100A /* SQLColumns.h */; };
		21DF580E152DFAA000CB100A /* SQLCommand.h in Headers */ = {isa = PBXBuildFile; fileRef = 21DF57F2152DFAA000CB100A /* SQLCommand.h */; };
		21DF580F152DFAA000CB100A /* SQLCondition.h in Headers */ = {isa = PBXBuildFile; fileRef = 21DF57F3152DFAA000CB100A /* SQLCondition.h */; };
		21DF5810152DFAA000CB100A /* SQLDataSet.h in Headers */ = {isa = PBXBuildFile; fileRef = 21DF57F4152DFAA000CB100A /* SQLDataSet.h */; };
		21DF5811152DFAA000CB100A /* SQLExpression.h in Headers */ = {isa = PBXBuildFile; fileRef = 21DF57F5152DFAA000CB100A /* SQLExpression.h */; };
		21DF5812152DFAA000CB100A /* SQLFunction.h in Headers */ = {isa = PBXBuildFile; fileRef = 21DF57F6152DFAA000CB100A /* SQLFunction.h */; };
		21DF5813152DFAA000CB100A /* SQLGroupBy.h in Headers */ = {isa = PBXBuildFile; fileRef = 21DF57F7152DFAA000CB100A /* SQLGroupBy.h */; };
		21DF5814152DFAA000CB100A /* SQLIndex.h in Headers */ = {isa = PBXBuildFile; fileRef = 21DF57F8152DFAA000CB100A /* SQLIndex.h */; };
		21DF5815152DFAA000CB100A /* SQLLimit.h in Headers */ = {isa = PBXBuildFile; fileRef = 21DF57F9152DFAA000CB100A /* SQLLimit.h */; };
		21DF5816152DFAA000CB100A /* SQLOffset.h in Headers */ = {isa = PBXBuildFile; fileRef = 21DF57FA152DFAA000CB100A /* SQLOffset.h */; };
		21DF5817152DFAA000CB100A /* SQLOperator.h in Headers */ = {isa = PBXBuildFile; fileRef = 21DF57FB152DFAA000CB100A /* SQLOperator.h */; };
		21DF5818152DFAA000CB100A /* SQLOption.h in Headers */ = {isa = PBXBuildFile; fileRef = 21DF57FC152DFAA000CB100A /* SQLOption.h */; };
		21DF5819152DFAA000CB100A /* SQLOrder.h in Headers */ = {isa = PBXBuildFile; fileRef = 21DF57FD152DFAA000CB100A /* SQLOrder.h */; };
		21DF581A152DFAA000CB100A /* SQLOrderBy.h in Headers */ = {isa = PBXBuildFile; fileRef = 21DF57FE152DFAA000CB100A /* SQLOrderBy.h */; };
		21DF581B152DFAA000CB100A /* SQLSet.h in Headers */ = {isa = PBXBuildFile; fileRef = 21DF57FF152DFAA000CB100A /* SQLSet.h */; };
		21DF581C152DFAA000CB100A /* SQLSets.h in Headers */ = {isa = PBXBuildFile; fileRef = 21DF5800152DFAA000CB100A /* SQLSets.h */; };
		21DF581D152DFAA000CB100A /* SQLTransaction.h in Headers */ = {isa = PBXBuildFile; fileRef = 21DF5801152DFAA000CB100A /* SQLTransaction.h */; };
		21DF581E152DFAA000CB100A /* SQLValues.h in Headers */ = {isa = PBXBuildFile; fileRef = 21DF5802152DFAA000CB100A /* SQLValues.h */; };
		21DF581F152DFAA000CB100A /* SQL92Parser.h in Headers */ = {isa = PBXBuildFile; fileRef = 21DF5803152DFAA000CB100A /* SQL92Parser.h */; };
		21DF5820152DFAA000CB100A /* SQLError.h in Headers */ = {isa = PBXBuildFile; fileRef = 21DF5804152DFAA000CB100A /* SQLError.h */; };
		21DF5821152DFAA000CB100A /* SQLNode.h in Headers */ = {isa = PBXBuildFile; fileRef = 21DF5805152DFAA000CB100A /* SQLNode.h */; };
		21DF5822152DFAA000CB100A /* SQLNodes.h in Headers */ = {isa = PBXBuildFile; fileRef = 21DF5806152DFAA000CB100A /* SQLNodes.h */; };
		21DF5823152DFAA000CB100A /* SQLParser.h in Headers */ = {isa = PBXBuildFile; fileRef = 21DF5807152DFAA000CB100A /* SQLParser.h */; };
		21DF5824152DFAA000CB100A /* SQLStatement.h in Headers */ = {isa = PBXBuildFile; fileRef = 21DF5808152DFAA000CB100A /* SQLStatement.h */; };
		21DF5825152DFAA000CB100A /* UnQLParser.h in Headers */ = {isa = PBXBuildFile; fileRef = 21DF5809152DFAA000CB100A /* UnQLParser.h */; };
/* End PBXBuildFile section */

/* Begin PBXFileReference section */
		212FB5DA14681D420067F07B /* SqlEngineLib.dylib */ = {isa = PBXFileReference; explicitFileType = "compiled.mach-o.dylib"; includeInIndex = 0; path = SqlEngineLib.dylib; sourceTree = BUILT_PRODUCTS_DIR; };
		212FB5DE14681D420067F07B /* SqlEngineLib-Prefix.pch */ = {isa = PBXFileReference; lastKnownFileType = sourcecode.c.h; path = "SqlEngineLib-Prefix.pch"; sourceTree = "<group>"; };
		212FB5DF14681D420067F07B /* SqlEngineLibProj.xcconfig */ = {isa = PBXFileReference; lastKnownFileType = text.xcconfig; path = SqlEngineLibProj.xcconfig; sourceTree = "<group>"; };
		212FB5E014681D420067F07B /* SqlEngineLibTarget.xcconfig */ = {isa = PBXFileReference; lastKnownFileType = text.xcconfig; path = SqlEngineLibTarget.xcconfig; sourceTree = "<group>"; };
		2153A77D152EA407007ADB59 /* SQLLexerFunc.cpp */ = {isa = PBXFileReference; fileEncoding = 4; lastKnownFileType = sourcecode.cpp.cpp; path = SQLLexerFunc.cpp; sourceTree = "<group>"; };
		2153A77E152EA407007ADB59 /* SQLParserFunc.cpp */ = {isa = PBXFileReference; fileEncoding = 4; lastKnownFileType = sourcecode.cpp.cpp; path = SQLParserFunc.cpp; sourceTree = "<group>"; };
		21DF57B6152DFA7800CB100A /* GQLParser.cpp */ = {isa = PBXFileReference; fileEncoding = 4; lastKnownFileType = sourcecode.cpp.cpp; path = GQLParser.cpp; sourceTree = "<group>"; };
		21DF57B8152DFA7800CB100A /* SQLColumns.cpp */ = {isa = PBXFileReference; fileEncoding = 4; lastKnownFileType = sourcecode.cpp.cpp; path = SQLColumns.cpp; sourceTree = "<group>"; };
		21DF57B9152DFA7800CB100A /* SQLCommand.cpp */ = {isa = PBXFileReference; fileEncoding = 4; lastKnownFileType = sourcecode.cpp.cpp; path = SQLCommand.cpp; sourceTree = "<group>"; };
		21DF57BA152DFA7800CB100A /* SQLDictionary.cpp */ = {isa = PBXFileReference; fileEncoding = 4; lastKnownFileType = sourcecode.cpp.cpp; path = SQLDictionary.cpp; sourceTree = "<group>"; };
		21DF57BB152DFA7800CB100A /* SQLExpression.cpp */ = {isa = PBXFileReference; fileEncoding = 4; lastKnownFileType = sourcecode.cpp.cpp; path = SQLExpression.cpp; sourceTree = "<group>"; };
		21DF57BC152DFA7800CB100A /* SQLOperator.cpp */ = {isa = PBXFileReference; fileEncoding = 4; lastKnownFileType = sourcecode.cpp.cpp; path = SQLOperator.cpp; sourceTree = "<group>"; };
		21DF57BD152DFA7800CB100A /* SQLOrder.cpp */ = {isa = PBXFileReference; fileEncoding = 4; lastKnownFileType = sourcecode.cpp.cpp; path = SQLOrder.cpp; sourceTree = "<group>"; };
		21DF57BE152DFA7800CB100A /* SQLSet.cpp */ = {isa = PBXFileReference; fileEncoding = 4; lastKnownFileType = sourcecode.cpp.cpp; path = SQLSet.cpp; sourceTree = "<group>"; };
		21DF57BF152DFA7800CB100A /* SQLValues.cpp */ = {isa = PBXFileReference; fileEncoding = 4; lastKnownFileType = sourcecode.cpp.cpp; path = SQLValues.cpp; sourceTree = "<group>"; };
		21DF57C9152DFA7800CB100A /* SQLLexer.h */ = {isa = PBXFileReference; fileEncoding = 4; lastKnownFileType = sourcecode.c.h; path = SQLLexer.h; sourceTree = "<group>"; };
		21DF57CB152DFA7800CB100A /* SQLParser.h */ = {isa = PBXFileReference; fileEncoding = 4; lastKnownFileType = sourcecode.c.h; path = SQLParser.h; sourceTree = "<group>"; };
		21DF57CC152DFA7800CB100A /* SQL92Parser.cpp */ = {isa = PBXFileReference; fileEncoding = 4; lastKnownFileType = sourcecode.cpp.cpp; path = SQL92Parser.cpp; sourceTree = "<group>"; };
		21DF57CD152DFA7800CB100A /* SQLError.cpp */ = {isa = PBXFileReference; fileEncoding = 4; lastKnownFileType = sourcecode.cpp.cpp; path = SQLError.cpp; sourceTree = "<group>"; };
		21DF57CE152DFA7800CB100A /* SQLNode.cpp */ = {isa = PBXFileReference; fileEncoding = 4; lastKnownFileType = sourcecode.cpp.cpp; path = SQLNode.cpp; sourceTree = "<group>"; };
		21DF57CF152DFA7800CB100A /* SQLNodeList.cpp */ = {isa = PBXFileReference; fileEncoding = 4; lastKnownFileType = sourcecode.cpp.cpp; path = SQLNodeList.cpp; sourceTree = "<group>"; };
		21DF57D0152DFA7800CB100A /* SQLParser.cpp */ = {isa = PBXFileReference; fileEncoding = 4; lastKnownFileType = sourcecode.cpp.cpp; path = SQLParser.cpp; sourceTree = "<group>"; };
		21DF57D1152DFA7800CB100A /* SQLStatement.cpp */ = {isa = PBXFileReference; fileEncoding = 4; lastKnownFileType = sourcecode.cpp.cpp; path = SQLStatement.cpp; sourceTree = "<group>"; };
		21DF57D2152DFA7800CB100A /* SQLStatementList.cpp */ = {isa = PBXFileReference; fileEncoding = 4; lastKnownFileType = sourcecode.cpp.cpp; path = SQLStatementList.cpp; sourceTree = "<group>"; };
		21DF57D3152DFA7800CB100A /* UnQLParser.cpp */ = {isa = PBXFileReference; fileEncoding = 4; lastKnownFileType = sourcecode.cpp.cpp; path = UnQLParser.cpp; sourceTree = "<group>"; };
		21DF57ED152DFAA000CB100A /* GQLParser.h */ = {isa = PBXFileReference; fileEncoding = 4; lastKnownFileType = sourcecode.c.h; path = GQLParser.h; sourceTree = "<group>"; };
		21DF57EF152DFAA000CB100A /* SQLCollection.h */ = {isa = PBXFileReference; fileEncoding = 4; lastKnownFileType = sourcecode.c.h; path = SQLCollection.h; sourceTree = "<group>"; };
		21DF57F0152DFAA000CB100A /* SQLCollections.h */ = {isa = PBXFileReference; fileEncoding = 4; lastKnownFileType = sourcecode.c.h; path = SQLCollections.h; sourceTree = "<group>"; };
		21DF57F1152DFAA000CB100A /* SQLColumns.h */ = {isa = PBXFileReference; fileEncoding = 4; lastKnownFileType = sourcecode.c.h; path = SQLColumns.h; sourceTree = "<group>"; };
		21DF57F2152DFAA000CB100A /* SQLCommand.h */ = {isa = PBXFileReference; fileEncoding = 4; lastKnownFileType = sourcecode.c.h; path = SQLCommand.h; sourceTree = "<group>"; };
		21DF57F3152DFAA000CB100A /* SQLCondition.h */ = {isa = PBXFileReference; fileEncoding = 4; lastKnownFileType = sourcecode.c.h; path = SQLCondition.h; sourceTree = "<group>"; };
		21DF57F4152DFAA000CB100A /* SQLDataSet.h */ = {isa = PBXFileReference; fileEncoding = 4; lastKnownFileType = sourcecode.c.h; path = SQLDataSet.h; sourceTree = "<group>"; };
		21DF57F5152DFAA000CB100A /* SQLExpression.h */ = {isa = PBXFileReference; fileEncoding = 4; lastKnownFileType = sourcecode.c.h; path = SQLExpression.h; sourceTree = "<group>"; };
		21DF57F6152DFAA000CB100A /* SQLFunction.h */ = {isa = PBXFileReference; fileEncoding = 4; lastKnownFileType = sourcecode.c.h; path = SQLFunction.h; sourceTree = "<group>"; };
		21DF57F7152DFAA000CB100A /* SQLGroupBy.h */ = {isa = PBXFileReference; fileEncoding = 4; lastKnownFileType = sourcecode.c.h; path = SQLGroupBy.h; sourceTree = "<group>"; };
		21DF57F8152DFAA000CB100A /* SQLIndex.h */ = {isa = PBXFileReference; fileEncoding = 4; lastKnownFileType = sourcecode.c.h; path = SQLIndex.h; sourceTree = "<group>"; };
		21DF57F9152DFAA000CB100A /* SQLLimit.h */ = {isa = PBXFileReference; fileEncoding = 4; lastKnownFileType = sourcecode.c.h; path = SQLLimit.h; sourceTree = "<group>"; };
		21DF57FA152DFAA000CB100A /* SQLOffset.h */ = {isa = PBXFileReference; fileEncoding = 4; lastKnownFileType = sourcecode.c.h; path = SQLOffset.h; sourceTree = "<group>"; };
		21DF57FB152DFAA000CB100A /* SQLOperator.h */ = {isa = PBXFileReference; fileEncoding = 4; lastKnownFileType = sourcecode.c.h; path = SQLOperator.h; sourceTree = "<group>"; };
		21DF57FC152DFAA000CB100A /* SQLOption.h */ = {isa = PBXFileReference; fileEncoding = 4; lastKnownFileType = sourcecode.c.h; path = SQLOption.h; sourceTree = "<group>"; };
		21DF57FD152DFAA000CB100A /* SQLOrder.h */ = {isa = PBXFileReference; fileEncoding = 4; lastKnownFileType = sourcecode.c.h; path = SQLOrder.h; sourceTree = "<group>"; };
		21DF57FE152DFAA000CB100A /* SQLOrderBy.h */ = {isa = PBXFileReference; fileEncoding = 4; lastKnownFileType = sourcecode.c.h; path = SQLOrderBy.h; sourceTree = "<group>"; };
		21DF57FF152DFAA000CB100A /* SQLSet.h */ = {isa = PBXFileReference; fileEncoding = 4; lastKnownFileType = sourcecode.c.h; path = SQLSet.h; sourceTree = "<group>"; };
		21DF5800152DFAA000CB100A /* SQLSets.h */ = {isa = PBXFileReference; fileEncoding = 4; lastKnownFileType = sourcecode.c.h; path = SQLSets.h; sourceTree = "<group>"; };
		21DF5801152DFAA000CB100A /* SQLTransaction.h */ = {isa = PBXFileReference; fileEncoding = 4; lastKnownFileType = sourcecode.c.h; path = SQLTransaction.h; sourceTree = "<group>"; };
		21DF5802152DFAA000CB100A /* SQLValues.h */ = {isa = PBXFileReference; fileEncoding = 4; lastKnownFileType = sourcecode.c.h; path = SQLValues.h; sourceTree = "<group>"; };
		21DF5803152DFAA000CB100A /* SQL92Parser.h */ = {isa = PBXFileReference; fileEncoding = 4; lastKnownFileType = sourcecode.c.h; path = SQL92Parser.h; sourceTree = "<group>"; };
		21DF5804152DFAA000CB100A /* SQLError.h */ = {isa = PBXFileReference; fileEncoding = 4; lastKnownFileType = sourcecode.c.h; path = SQLError.h; sourceTree = "<group>"; };
		21DF5805152DFAA000CB100A /* SQLNode.h */ = {isa = PBXFileReference; fileEncoding = 4; lastKnownFileType = sourcecode.c.h; path = SQLNode.h; sourceTree = "<group>"; };
		21DF5806152DFAA000CB100A /* SQLNodes.h */ = {isa = PBXFileReference; fileEncoding = 4; lastKnownFileType = sourcecode.c.h; path = SQLNodes.h; sourceTree = "<group>"; };
		21DF5807152DFAA000CB100A /* SQLParser.h */ = {isa = PBXFileReference; fileEncoding = 4; lastKnownFileType = sourcecode.c.h; path = SQLParser.h; sourceTree = "<group>"; };
		21DF5808152DFAA000CB100A /* SQLStatement.h */ = {isa = PBXFileReference; fileEncoding = 4; lastKnownFileType = sourcecode.c.h; path = SQLStatement.h; sourceTree = "<group>"; };
		21DF5809152DFAA000CB100A /* UnQLParser.h */ = {isa = PBXFileReference; fileEncoding = 4; lastKnownFileType = sourcecode.c.h; path = UnQLParser.h; sourceTree = "<group>"; };
/* End PBXFileReference section */

/* Begin PBXFrameworksBuildPhase section */
		212FB5D714681D420067F07B /* Frameworks */ = {
			isa = PBXFrameworksBuildPhase;
			buildActionMask = 2147483647;
			files = (
			);
			runOnlyForDeploymentPostprocessing = 0;
		};
/* End PBXFrameworksBuildPhase section */

/* Begin PBXGroup section */
		212FB5CF14681D420067F07B = {
			isa = PBXGroup;
			children = (
				217116F614681DC400088931 /* Headers */,
				217116F914681DF700088931 /* Sources */,
				212FB5DC14681D420067F07B /* SqlEngineLib */,
				212FB5DB14681D420067F07B /* Products */,
			);
			sourceTree = "<group>";
		};
		212FB5DB14681D420067F07B /* Products */ = {
			isa = PBXGroup;
			children = (
				212FB5DA14681D420067F07B /* SqlEngineLib.dylib */,
			);
			name = Products;
			sourceTree = "<group>";
		};
		212FB5DC14681D420067F07B /* SqlEngineLib */ = {
			isa = PBXGroup;
			children = (
				212FB5DF14681D420067F07B /* SqlEngineLibProj.xcconfig */,
				212FB5E014681D420067F07B /* SqlEngineLibTarget.xcconfig */,
				212FB5DD14681D420067F07B /* Supporting Files */,
			);
			path = SqlEngineLib;
			sourceTree = "<group>";
		};
		212FB5DD14681D420067F07B /* Supporting Files */ = {
			isa = PBXGroup;
			children = (
				212FB5DE14681D420067F07B /* SqlEngineLib-Prefix.pch */,
			);
			name = "Supporting Files";
			sourceTree = "<group>";
		};
		217116F614681DC400088931 /* Headers */ = {
			isa = PBXGroup;
			children = (
				21DF57EC152DFAA000CB100A /* usql */,
			);
			name = Headers;
			sourceTree = "<group>";
		};
		217116F914681DF700088931 /* Sources */ = {
			isa = PBXGroup;
			children = (
				21DF57B5152DFA7800CB100A /* usql */,
			);
			name = Sources;
			sourceTree = "<group>";
		};
		21DF57B5152DFA7800CB100A /* usql */ = {
			isa = PBXGroup;
			children = (
				21DF57B6152DFA7800CB100A /* GQLParser.cpp */,
				21DF57B7152DFA7800CB100A /* node */,
				21DF57C0152DFA7800CB100A /* parser */,
				21DF57CC152DFA7800CB100A /* SQL92Parser.cpp */,
				21DF57CD152DFA7800CB100A /* SQLError.cpp */,
				21DF57CE152DFA7800CB100A /* SQLNode.cpp */,
				21DF57CF152DFA7800CB100A /* SQLNodeList.cpp */,
				21DF57D0152DFA7800CB100A /* SQLParser.cpp */,
				21DF57D1152DFA7800CB100A /* SQLStatement.cpp */,
				21DF57D2152DFA7800CB100A /* SQLStatementList.cpp */,
				21DF57D3152DFA7800CB100A /* UnQLParser.cpp */,
			);
			name = usql;
			path = ../../../src/usql;
			sourceTree = "<group>";
		};
		21DF57B7152DFA7800CB100A /* node */ = {
			isa = PBXGroup;
			children = (
				21DF57B8152DFA7800CB100A /* SQLColumns.cpp */,
				21DF57B9152DFA7800CB100A /* SQLCommand.cpp */,
				21DF57BA152DFA7800CB100A /* SQLDictionary.cpp */,
				21DF57BB152DFA7800CB100A /* SQLExpression.cpp */,
				21DF57BC152DFA7800CB100A /* SQLOperator.cpp */,
				21DF57BD152DFA7800CB100A /* SQLOrder.cpp */,
				21DF57BE152DFA7800CB100A /* SQLSet.cpp */,
				21DF57BF152DFA7800CB100A /* SQLValues.cpp */,
			);
			path = node;
			sourceTree = "<group>";
		};
		21DF57C0152DFA7800CB100A /* parser */ = {
			isa = PBXGroup;
			children = (
				21DF57C1152DFA7800CB100A /* antlr */,
			);
			path = parser;
			sourceTree = "<group>";
		};
		21DF57C1152DFA7800CB100A /* antlr */ = {
			isa = PBXGroup;
			children = (
				21DF57C9152DFA7800CB100A /* SQLLexer.h */,
				2153A77D152EA407007ADB59 /* SQLLexerFunc.cpp */,
				21DF57CB152DFA7800CB100A /* SQLParser.h */,
				2153A77E152EA407007ADB59 /* SQLParserFunc.cpp */,
			);
			path = antlr;
			sourceTree = "<group>";
		};
		21DF57EC152DFAA000CB100A /* usql */ = {
			isa = PBXGroup;
			children = (
				21DF57ED152DFAA000CB100A /* GQLParser.h */,
				21DF57EE152DFAA000CB100A /* node */,
				21DF5803152DFAA000CB100A /* SQL92Parser.h */,
				21DF5804152DFAA000CB100A /* SQLError.h */,
				21DF5805152DFAA000CB100A /* SQLNode.h */,
				21DF5806152DFAA000CB100A /* SQLNodes.h */,
				21DF5807152DFAA000CB100A /* SQLParser.h */,
				21DF5808152DFAA000CB100A /* SQLStatement.h */,
				21DF5809152DFAA000CB100A /* UnQLParser.h */,
			);
			name = usql;
			path = ../../../include/usql;
			sourceTree = "<group>";
		};
		21DF57EE152DFAA000CB100A /* node */ = {
			isa = PBXGroup;
			children = (
				21DF57EF152DFAA000CB100A /* SQLCollection.h */,
				21DF57F0152DFAA000CB100A /* SQLCollections.h */,
				21DF57F1152DFAA000CB100A /* SQLColumns.h */,
				21DF57F2152DFAA000CB100A /* SQLCommand.h */,
				21DF57F3152DFAA000CB100A /* SQLCondition.h */,
				21DF57F4152DFAA000CB100A /* SQLDataSet.h */,
				21DF57F5152DFAA000CB100A /* SQLExpression.h */,
				21DF57F6152DFAA000CB100A /* SQLFunction.h */,
				21DF57F7152DFAA000CB100A /* SQLGroupBy.h */,
				21DF57F8152DFAA000CB100A /* SQLIndex.h */,
				21DF57F9152DFAA000CB100A /* SQLLimit.h */,
				21DF57FA152DFAA000CB100A /* SQLOffset.h */,
				21DF57FB152DFAA000CB100A /* SQLOperator.h */,
				21DF57FC152DFAA000CB100A /* SQLOption.h */,
				21DF57FD152DFAA000CB100A /* SQLOrder.h */,
				21DF57FE152DFAA000CB100A /* SQLOrderBy.h */,
				21DF57FF152DFAA000CB100A /* SQLSet.h */,
				21DF5800152DFAA000CB100A /* SQLSets.h */,
				21DF5801152DFAA000CB100A /* SQLTransaction.h */,
				21DF5802152DFAA000CB100A /* SQLValues.h */,
			);
			path = node;
			sourceTree = "<group>";
		};
/* End PBXGroup section */

/* Begin PBXHeadersBuildPhase section */
		212FB5D814681D420067F07B /* Headers */ = {
			isa = PBXHeadersBuildPhase;
			buildActionMask = 2147483647;
			files = (
				21DF57E1152DFA7800CB100A /* SQLLexer.h in Headers */,
				21DF57E3152DFA7800CB100A /* SQLParser.h in Headers */,
				21DF580A152DFAA000CB100A /* GQLParser.h in Headers */,
				21DF580B152DFAA000CB100A /* SQLCollection.h in Headers */,
				21DF580C152DFAA000CB100A /* SQLCollections.h in Headers */,
				21DF580D152DFAA000CB100A /* SQLColumns.h in Headers */,
				21DF580E152DFAA000CB100A /* SQLCommand.h in Headers */,
				21DF580F152DFAA000CB100A /* SQLCondition.h in Headers */,
				21DF5810152DFAA000CB100A /* SQLDataSet.h in Headers */,
				21DF5811152DFAA000CB100A /* SQLExpression.h in Headers */,
				21DF5812152DFAA000CB100A /* SQLFunction.h in Headers */,
				21DF5813152DFAA000CB100A /* SQLGroupBy.h in Headers */,
				21DF5814152DFAA000CB100A /* SQLIndex.h in Headers */,
				21DF5815152DFAA000CB100A /* SQLLimit.h in Headers */,
				21DF5816152DFAA000CB100A /* SQLOffset.h in Headers */,
				21DF5817152DFAA000CB100A /* SQLOperator.h in Headers */,
				21DF5818152DFAA000CB100A /* SQLOption.h in Headers */,
				21DF5819152DFAA000CB100A /* SQLOrder.h in Headers */,
				21DF581A152DFAA000CB100A /* SQLOrderBy.h in Headers */,
				21DF581B152DFAA000CB100A /* SQLSet.h in Headers */,
				21DF581C152DFAA000CB100A /* SQLSets.h in Headers */,
				21DF581D152DFAA000CB100A /* SQLTransaction.h in Headers */,
				21DF581E152DFAA000CB100A /* SQLValues.h in Headers */,
				21DF581F152DFAA000CB100A /* SQL92Parser.h in Headers */,
				21DF5820152DFAA000CB100A /* SQLError.h in Headers */,
				21DF5821152DFAA000CB100A /* SQLNode.h in Headers */,
				21DF5822152DFAA000CB100A /* SQLNodes.h in Headers */,
				21DF5823152DFAA000CB100A /* SQLParser.h in Headers */,
				21DF5824152DFAA000CB100A /* SQLStatement.h in Headers */,
				21DF5825152DFAA000CB100A /* UnQLParser.h in Headers */,
			);
			runOnlyForDeploymentPostprocessing = 0;
		};
/* End PBXHeadersBuildPhase section */

/* Begin PBXNativeTarget section */
		212FB5D914681D420067F07B /* SqlEngineLib */ = {
			isa = PBXNativeTarget;
			buildConfigurationList = 212FB5E714681D420067F07B /* Build configuration list for PBXNativeTarget "SqlEngineLib" */;
			buildPhases = (
				2171176B14681FAC00088931 /* ShellScript */,
				212FB5D614681D420067F07B /* Sources */,
				212FB5D714681D420067F07B /* Frameworks */,
				212FB5D814681D420067F07B /* Headers */,
			);
			buildRules = (
			);
			dependencies = (
			);
			name = SqlEngineLib;
			productName = SqlEngineLib;
			productReference = 212FB5DA14681D420067F07B /* SqlEngineLib.dylib */;
			productType = "com.apple.product-type.library.dynamic";
		};
/* End PBXNativeTarget section */

/* Begin PBXProject section */
		212FB5D114681D420067F07B /* Project object */ = {
			isa = PBXProject;
			attributes = {
				LastUpgradeCheck = 0420;
			};
			buildConfigurationList = 212FB5D414681D420067F07B /* Build configuration list for PBXProject "SqlEngineLib" */;
			compatibilityVersion = "Xcode 3.2";
			developmentRegion = English;
			hasScannedForEncodings = 0;
			knownRegions = (
				en,
			);
			mainGroup = 212FB5CF14681D420067F07B;
			productRefGroup = 212FB5DB14681D420067F07B /* Products */;
			projectDirPath = "";
			projectRoot = "";
			targets = (
				212FB5D914681D420067F07B /* SqlEngineLib */,
			);
		};
/* End PBXProject section */

/* Begin PBXShellScriptBuildPhase section */
		2171176B14681FAC00088931 /* ShellScript */ = {
			isa = PBXShellScriptBuildPhase;
			buildActionMask = 2147483647;
			files = (
			);
			inputPaths = (
			);
			outputPaths = (
			);
			runOnlyForDeploymentPostprocessing = 0;
			shellPath = /bin/sh;
			shellScript = "cd $SRCROOT/../../../src/usql/parser/antlr/\nmake";
		};
/* End PBXShellScriptBuildPhase section */

/* Begin PBXSourcesBuildPhase section */
		212FB5D614681D420067F07B /* Sources */ = {
			isa = PBXSourcesBuildPhase;
			buildActionMask = 2147483647;
			files = (
				21DF57D4152DFA7800CB100A /* GQLParser.cpp in Sources */,
				21DF57D5152DFA7800CB100A /* SQLColumns.cpp in Sources */,
				21DF57D6152DFA7800CB100A /* SQLCommand.cpp in Sources */,
				21DF57D7152DFA7800CB100A /* SQLDictionary.cpp in Sources */,
				21DF57D8152DFA7800CB100A /* SQLExpression.cpp in Sources */,
				21DF57D9152DFA7800CB100A /* SQLOperator.cpp in Sources */,
				21DF57DA152DFA7800CB100A /* SQLOrder.cpp in Sources */,
				21DF57DB152DFA7800CB100A /* SQLSet.cpp in Sources */,
				21DF57DC152DFA7800CB100A /* SQLValues.cpp in Sources */,
				21DF57E4152DFA7800CB100A /* SQL92Parser.cpp in Sources */,
				21DF57E5152DFA7800CB100A /* SQLError.cpp in Sources */,
				21DF57E6152DFA7800CB100A /* SQLNode.cpp in Sources */,
				21DF57E7152DFA7800CB100A /* SQLNodeList.cpp in Sources */,
				21DF57E8152DFA7800CB100A /* SQLParser.cpp in Sources */,
				21DF57E9152DFA7800CB100A /* SQLStatement.cpp in Sources */,
				21DF57EA152DFA7800CB100A /* SQLStatementList.cpp in Sources */,
				21DF57EB152DFA7800CB100A /* UnQLParser.cpp in Sources */,
				2153A77F152EA407007ADB59 /* SQLLexerFunc.cpp in Sources */,
				2153A780152EA407007ADB59 /* SQLParserFunc.cpp in Sources */,
			);
			runOnlyForDeploymentPostprocessing = 0;
		};
/* End PBXSourcesBuildPhase section */

/* Begin XCBuildConfiguration section */
		212FB5E514681D420067F07B /* Debug */ = {
			isa = XCBuildConfiguration;
			buildSettings = {
				ALWAYS_SEARCH_USER_PATHS = NO;
				ARCHS = "$(ARCHS_STANDARD_64_BIT)";
				COPY_PHASE_STRIP = NO;
				GCC_C_LANGUAGE_STANDARD = gnu99;
				GCC_DYNAMIC_NO_PIC = NO;
				GCC_ENABLE_OBJC_EXCEPTIONS = YES;
				GCC_OPTIMIZATION_LEVEL = 0;
				GCC_PREPROCESSOR_DEFINITIONS = (
					"DEBUG=1",
					"$(inherited)",
				);
				GCC_SYMBOLS_PRIVATE_EXTERN = NO;
				GCC_VERSION = com.apple.compilers.llvm.clang.1_0;
				GCC_WARN_64_TO_32_BIT_CONVERSION = YES;
				GCC_WARN_ABOUT_MISSING_PROTOTYPES = YES;
				GCC_WARN_ABOUT_RETURN_TYPE = YES;
				GCC_WARN_UNUSED_VARIABLE = YES;
				MACOSX_DEPLOYMENT_TARGET = 10.6;
				ONLY_ACTIVE_ARCH = YES;
				SDKROOT = macosx;
			};
			name = Debug;
		};
		212FB5E614681D420067F07B /* Release */ = {
			isa = XCBuildConfiguration;
			buildSettings = {
				ALWAYS_SEARCH_USER_PATHS = NO;
				ARCHS = "$(ARCHS_STANDARD_64_BIT)";
				COPY_PHASE_STRIP = YES;
				DEBUG_INFORMATION_FORMAT = "dwarf-with-dsym";
				GCC_C_LANGUAGE_STANDARD = gnu99;
				GCC_ENABLE_OBJC_EXCEPTIONS = YES;
				GCC_VERSION = com.apple.compilers.llvm.clang.1_0;
				GCC_WARN_64_TO_32_BIT_CONVERSION = YES;
				GCC_WARN_ABOUT_MISSING_PROTOTYPES = YES;
				GCC_WARN_ABOUT_RETURN_TYPE = YES;
				GCC_WARN_UNUSED_VARIABLE = YES;
				MACOSX_DEPLOYMENT_TARGET = 10.6;
				SDKROOT = macosx;
			};
			name = Release;
		};
		212FB5E814681D420067F07B /* Debug */ = {
			isa = XCBuildConfiguration;
			buildSettings = {
				HEADER_SEARCH_PATHS = (
					/usr/local/include,
					../../../include,
					../../../src,
				);
				LIBRARY_SEARCH_PATHS = /usr/local/lib;
				OTHER_LDFLAGS = "-lantlr3c";
				PRODUCT_NAME = "$(TARGET_NAME)";
			};
			name = Debug;
		};
		212FB5E914681D420067F07B /* Release */ = {
			isa = XCBuildConfiguration;
			buildSettings = {
				HEADER_SEARCH_PATHS = (
					/usr/local/include,
					../../../include,
					../../../src,
				);
				LIBRARY_SEARCH_PATHS = /usr/local/lib;
				OTHER_LDFLAGS = "-lantlr3c";
				PRODUCT_NAME = "$(TARGET_NAME)";
			};
			name = Release;
		};
/* End XCBuildConfiguration section */

/* Begin XCConfigurationList section */
		212FB5D414681D420067F07B /* Build configuration list for PBXProject "SqlEngineLib" */ = {
			isa = XCConfigurationList;
			buildConfigurations = (
				212FB5E514681D420067F07B /* Debug */,
				212FB5E614681D420067F07B /* Release */,
			);
			defaultConfigurationIsVisible = 0;
			defaultConfigurationName = Release;
		};
		212FB5E714681D420067F07B /* Build configuration list for PBXNativeTarget "SqlEngineLib" */ = {
			isa = XCConfigurationList;
			buildConfigurations = (
				212FB5E814681D420067F07B /* Debug */,
				212FB5E914681D420067F07B /* Release */,
			);
			defaultConfigurationIsVisible = 0;
			defaultConfigurationName = Release;
		};
/* End XCConfigurationList section */
	};
	rootObject = 212FB5D114681D420067F07B /* Project object */;
}
