// !$*UTF8*$!
{
	archiveVersion = 1;
	classes = {
	};
	objectVersion = 46;
	objects = {

/* Begin PBXBuildFile section */
		210EFA7B1420807D00632849 /* GQLLexer.cpp in Sources */ = {isa = PBXBuildFile; fileRef = 210EFA771420807D00632849 /* GQLLexer.cpp */; };
		210EFA7C1420807D00632849 /* GQLParser.cpp in Sources */ = {isa = PBXBuildFile; fileRef = 210EFA791420807D00632849 /* GQLParser.cpp */; };
		210EFA7F142080ED00632849 /* GQLParser.cpp in Sources */ = {isa = PBXBuildFile; fileRef = 210EFA7E142080ED00632849 /* GQLParser.cpp */; };
		213F869F13BAE4C00059444A /* SqlEngineTestCase.cpp in Sources */ = {isa = PBXBuildFile; fileRef = 213F869B13BAE4C00059444A /* SqlEngineTestCase.cpp */; };
		213F86A013BAE4C00059444A /* SqlEngineTestParser.cpp in Sources */ = {isa = PBXBuildFile; fileRef = 213F869D13BAE4C00059444A /* SqlEngineTestParser.cpp */; };
		213F86A113BAE4C00059444A /* SqlEngineTestQuery.cpp in Sources */ = {isa = PBXBuildFile; fileRef = 213F869E13BAE4C00059444A /* SqlEngineTestQuery.cpp */; };
		214E449B1421E771003C918D /* SQL92Parser.cpp in Sources */ = {isa = PBXBuildFile; fileRef = 214E449A1421E771003C918D /* SQL92Parser.cpp */; };
		21C12A00142C011C00C41192 /* SQLNode.cpp in Sources */ = {isa = PBXBuildFile; fileRef = 21C129FF142C011C00C41192 /* SQLNode.cpp */; };
		21C12A07142C0F6F00C41192 /* SQLCommand.cpp in Sources */ = {isa = PBXBuildFile; fileRef = 21C12A06142C0F6F00C41192 /* SQLCommand.cpp */; };
		21C6B8A1141F079B0087512F /* SQLParser.cpp in Sources */ = {isa = PBXBuildFile; fileRef = 21C6B898141F079B0087512F /* SQLParser.cpp */; };
		21C6B8A2141F079B0087512F /* SQLStatement.cpp in Sources */ = {isa = PBXBuildFile; fileRef = 21C6B899141F079B0087512F /* SQLStatement.cpp */; };
		21C6B8A7141F363C0087512F /* SQL92Lexer.cpp in Sources */ = {isa = PBXBuildFile; fileRef = 21C6B8A3141F363C0087512F /* SQL92Lexer.cpp */; };
		21C6B8A8141F363C0087512F /* SQL92Parser.cpp in Sources */ = {isa = PBXBuildFile; fileRef = 21C6B8A5141F363C0087512F /* SQL92Parser.cpp */; };
/* End PBXBuildFile section */

/* Begin PBXCopyFilesBuildPhase section */
		21F69A5813BAE289004D23C9 /* CopyFiles */ = {
			isa = PBXCopyFilesBuildPhase;
			buildActionMask = 2147483647;
			dstPath = /usr/share/man/man1/;
			dstSubfolderSpec = 0;
			files = (
			);
			runOnlyForDeploymentPostprocessing = 1;
		};
/* End PBXCopyFilesBuildPhase section */

/* Begin PBXFileReference section */
		210EFA771420807D00632849 /* GQLLexer.cpp */ = {isa = PBXFileReference; fileEncoding = 4; lastKnownFileType = sourcecode.cpp.cpp; path = GQLLexer.cpp; sourceTree = "<group>"; };
		210EFA781420807D00632849 /* GQLLexer.h */ = {isa = PBXFileReference; fileEncoding = 4; lastKnownFileType = sourcecode.c.h; path = GQLLexer.h; sourceTree = "<group>"; };
		210EFA791420807D00632849 /* GQLParser.cpp */ = {isa = PBXFileReference; fileEncoding = 4; lastKnownFileType = sourcecode.cpp.cpp; path = GQLParser.cpp; sourceTree = "<group>"; };
		210EFA7A1420807D00632849 /* GQLParser.h */ = {isa = PBXFileReference; fileEncoding = 4; lastKnownFileType = sourcecode.c.h; path = GQLParser.h; sourceTree = "<group>"; };
		210EFA7E142080ED00632849 /* GQLParser.cpp */ = {isa = PBXFileReference; fileEncoding = 4; lastKnownFileType = sourcecode.cpp.cpp; path = GQLParser.cpp; sourceTree = "<group>"; };
		210EFA801420861D00632849 /* GQLParser.h */ = {isa = PBXFileReference; fileEncoding = 4; lastKnownFileType = sourcecode.c.h; path = GQLParser.h; sourceTree = "<group>"; };
		213F869B13BAE4C00059444A /* SqlEngineTestCase.cpp */ = {isa = PBXFileReference; fileEncoding = 4; lastKnownFileType = sourcecode.cpp.cpp; name = SqlEngineTestCase.cpp; path = ../../SqlEngineTestCase.cpp; sourceTree = "<group>"; };
		213F869C13BAE4C00059444A /* SqlEngineTestCase.h */ = {isa = PBXFileReference; fileEncoding = 4; lastKnownFileType = sourcecode.c.h; name = SqlEngineTestCase.h; path = ../../SqlEngineTestCase.h; sourceTree = "<group>"; };
		213F869D13BAE4C00059444A /* SqlEngineTestParser.cpp */ = {isa = PBXFileReference; fileEncoding = 4; lastKnownFileType = sourcecode.cpp.cpp; name = SqlEngineTestParser.cpp; path = ../../SqlEngineTestParser.cpp; sourceTree = "<group>"; };
		213F869E13BAE4C00059444A /* SqlEngineTestQuery.cpp */ = {isa = PBXFileReference; fileEncoding = 4; lastKnownFileType = sourcecode.cpp.cpp; name = SqlEngineTestQuery.cpp; path = ../../SqlEngineTestQuery.cpp; sourceTree = "<group>"; };
		214E44981421E75B003C918D /* SQL92Parser.h */ = {isa = PBXFileReference; fileEncoding = 4; lastKnownFileType = sourcecode.c.h; path = SQL92Parser.h; sourceTree = "<group>"; };
		214E449A1421E771003C918D /* SQL92Parser.cpp */ = {isa = PBXFileReference; fileEncoding = 4; lastKnownFileType = sourcecode.cpp.cpp; path = SQL92Parser.cpp; sourceTree = "<group>"; };
		21C129FF142C011C00C41192 /* SQLNode.cpp */ = {isa = PBXFileReference; fileEncoding = 4; lastKnownFileType = sourcecode.cpp.cpp; path = SQLNode.cpp; sourceTree = "<group>"; };
		21C12A02142C013000C41192 /* SQLNode.h */ = {isa = PBXFileReference; fileEncoding = 4; lastKnownFileType = sourcecode.c.h; path = SQLNode.h; sourceTree = "<group>"; };
		21C12A04142C0F5400C41192 /* SQLCommand.h */ = {isa = PBXFileReference; fileEncoding = 4; lastKnownFileType = sourcecode.c.h; name = SQLCommand.h; path = node/SQLCommand.h; sourceTree = "<group>"; };
		21C12A06142C0F6F00C41192 /* SQLCommand.cpp */ = {isa = PBXFileReference; fileEncoding = 4; lastKnownFileType = sourcecode.cpp.cpp; name = SQLCommand.cpp; path = node/SQLCommand.cpp; sourceTree = "<group>"; };
		21C6B898141F079B0087512F /* SQLParser.cpp */ = {isa = PBXFileReference; fileEncoding = 4; lastKnownFileType = sourcecode.cpp.cpp; path = SQLParser.cpp; sourceTree = "<group>"; };
		21C6B899141F079B0087512F /* SQLStatement.cpp */ = {isa = PBXFileReference; fileEncoding = 4; lastKnownFileType = sourcecode.cpp.cpp; path = SQLStatement.cpp; sourceTree = "<group>"; };
		21C6B8A3141F363C0087512F /* SQL92Lexer.cpp */ = {isa = PBXFileReference; fileEncoding = 4; lastKnownFileType = sourcecode.cpp.cpp; path = SQL92Lexer.cpp; sourceTree = "<group>"; };
		21C6B8A5141F363C0087512F /* SQL92Parser.cpp */ = {isa = PBXFileReference; fileEncoding = 4; lastKnownFileType = sourcecode.cpp.cpp; path = SQL92Parser.cpp; sourceTree = "<group>"; };
		21C6B8AC141F38F20087512F /* SQLParser.h */ = {isa = PBXFileReference; fileEncoding = 4; lastKnownFileType = sourcecode.c.h; path = SQLParser.h; sourceTree = "<group>"; };
		21C6B8AD141F38F20087512F /* SQLStatement.h */ = {isa = PBXFileReference; fileEncoding = 4; path = SQLStatement.h; sourceTree = "<group>"; };
		21C6B8AE141F44D90087512F /* SQL92Lexer.h */ = {isa = PBXFileReference; fileEncoding = 4; lastKnownFileType = sourcecode.c.h; path = SQL92Lexer.h; sourceTree = "<group>"; };
		21C6B8AF141F44D90087512F /* SQL92Parser.h */ = {isa = PBXFileReference; fileEncoding = 4; lastKnownFileType = sourcecode.c.h; path = SQL92Parser.h; sourceTree = "<group>"; };
		21F69A5A13BAE289004D23C9 /* SqlEngineTestUnit */ = {isa = PBXFileReference; explicitFileType = "compiled.mach-o.executable"; includeInIndex = 0; path = SqlEngineTestUnit; sourceTree = BUILT_PRODUCTS_DIR; };
/* End PBXFileReference section */

/* Begin PBXFrameworksBuildPhase section */
		21F69A5713BAE289004D23C9 /* Frameworks */ = {
			isa = PBXFrameworksBuildPhase;
			buildActionMask = 2147483647;
			files = (
			);
			runOnlyForDeploymentPostprocessing = 0;
		};
/* End PBXFrameworksBuildPhase section */

/* Begin PBXGroup section */
		213F869A13BAE4B10059444A /* UnitTest */ = {
			isa = PBXGroup;
			children = (
				213F869B13BAE4C00059444A /* SqlEngineTestCase.cpp */,
				213F869C13BAE4C00059444A /* SqlEngineTestCase.h */,
				213F869D13BAE4C00059444A /* SqlEngineTestParser.cpp */,
				213F869E13BAE4C00059444A /* SqlEngineTestQuery.cpp */,
			);
			name = UnitTest;
			sourceTree = "<group>";
		};
		21C12A03142C0F4200C41192 /* node */ = {
			isa = PBXGroup;
			children = (
				21C12A04142C0F5400C41192 /* SQLCommand.h */,
			);
			name = node;
			sourceTree = "<group>";
		};
		21C12A05142C0F5A00C41192 /* node */ = {
			isa = PBXGroup;
			children = (
				21C12A06142C0F6F00C41192 /* SQLCommand.cpp */,
			);
			name = node;
			sourceTree = "<group>";
		};
		21C6B882141F07800087512F /* Source */ = {
			isa = PBXGroup;
			children = (
				21C6B884141F079B0087512F /* cybergarage */,
			);
			name = Source;
			sourceTree = "<group>";
		};
		21C6B884141F079B0087512F /* cybergarage */ = {
			isa = PBXGroup;
			children = (
				21C6B885141F079B0087512F /* sql */,
			);
			name = cybergarage;
			path = ../../../src/cybergarage;
			sourceTree = "<group>";
		};
		21C6B885141F079B0087512F /* sql */ = {
			isa = PBXGroup;
			children = (
				21C12A05142C0F5A00C41192 /* node */,
				21C6B886141F079B0087512F /* parser */,
				21C6B898141F079B0087512F /* SQLParser.cpp */,
				21C6B899141F079B0087512F /* SQLStatement.cpp */,
				210EFA7E142080ED00632849 /* GQLParser.cpp */,
				214E449A1421E771003C918D /* SQL92Parser.cpp */,
				21C129FF142C011C00C41192 /* SQLNode.cpp */,
			);
			path = sql;
			sourceTree = "<group>";
		};
		21C6B886141F079B0087512F /* parser */ = {
			isa = PBXGroup;
			children = (
				21C6B887141F079B0087512F /* antlr */,
			);
			path = parser;
			sourceTree = "<group>";
		};
		21C6B887141F079B0087512F /* antlr */ = {
			isa = PBXGroup;
			children = (
				210EFA771420807D00632849 /* GQLLexer.cpp */,
				210EFA781420807D00632849 /* GQLLexer.h */,
				210EFA791420807D00632849 /* GQLParser.cpp */,
				210EFA7A1420807D00632849 /* GQLParser.h */,
				21C6B8AE141F44D90087512F /* SQL92Lexer.h */,
				21C6B8AF141F44D90087512F /* SQL92Parser.h */,
				21C6B8A3141F363C0087512F /* SQL92Lexer.cpp */,
				21C6B8A5141F363C0087512F /* SQL92Parser.cpp */,
			);
			path = antlr;
			sourceTree = "<group>";
		};
		21C6B8A9141F38E00087512F /* Headers */ = {
			isa = PBXGroup;
			children = (
				21C6B8AA141F38F20087512F /* cybergarage */,
			);
			name = Headers;
			sourceTree = "<group>";
		};
		21C6B8AA141F38F20087512F /* cybergarage */ = {
			isa = PBXGroup;
			children = (
				21C6B8AB141F38F20087512F /* sql */,
			);
			name = cybergarage;
			path = ../../../include/cybergarage;
			sourceTree = "<group>";
		};
		21C6B8AB141F38F20087512F /* sql */ = {
			isa = PBXGroup;
			children = (
				21C12A03142C0F4200C41192 /* node */,
				21C12A02142C013000C41192 /* SQLNode.h */,
				21C6B8AC141F38F20087512F /* SQLParser.h */,
				214E44981421E75B003C918D /* SQL92Parser.h */,
				210EFA801420861D00632849 /* GQLParser.h */,
				21C6B8AD141F38F20087512F /* SQLStatement.h */,
			);
			path = sql;
			sourceTree = "<group>";
		};
		21F69A4F13BAE289004D23C9 = {
			isa = PBXGroup;
			children = (
				21C6B8A9141F38E00087512F /* Headers */,
				21C6B882141F07800087512F /* Source */,
				213F869A13BAE4B10059444A /* UnitTest */,
				21F69A5B13BAE289004D23C9 /* Products */,
			);
			sourceTree = "<group>";
		};
		21F69A5B13BAE289004D23C9 /* Products */ = {
			isa = PBXGroup;
			children = (
				21F69A5A13BAE289004D23C9 /* SqlEngineTestUnit */,
			);
			name = Products;
			sourceTree = "<group>";
		};
/* End PBXGroup section */

/* Begin PBXNativeTarget section */
		21F69A5913BAE289004D23C9 /* SqlEngineTestUnit */ = {
			isa = PBXNativeTarget;
			buildConfigurationList = 21F69A6313BAE289004D23C9 /* Build configuration list for PBXNativeTarget "SqlEngineTestUnit" */;
			buildPhases = (
				21F69A5613BAE289004D23C9 /* Sources */,
				21F69A5713BAE289004D23C9 /* Frameworks */,
				21F69A5813BAE289004D23C9 /* CopyFiles */,
			);
			buildRules = (
			);
			dependencies = (
			);
			name = SqlEngineTestUnit;
			productName = SqlEngineTestUnit;
			productReference = 21F69A5A13BAE289004D23C9 /* SqlEngineTestUnit */;
			productType = "com.apple.product-type.tool";
		};
/* End PBXNativeTarget section */

/* Begin PBXProject section */
		21F69A5113BAE289004D23C9 /* Project object */ = {
			isa = PBXProject;
			buildConfigurationList = 21F69A5413BAE289004D23C9 /* Build configuration list for PBXProject "SqlEngineTestUnit" */;
			compatibilityVersion = "Xcode 3.2";
			developmentRegion = English;
			hasScannedForEncodings = 0;
			knownRegions = (
				en,
			);
			mainGroup = 21F69A4F13BAE289004D23C9;
			productRefGroup = 21F69A5B13BAE289004D23C9 /* Products */;
			projectDirPath = "";
			projectRoot = "";
			targets = (
				21F69A5913BAE289004D23C9 /* SqlEngineTestUnit */,
			);
		};
/* End PBXProject section */

/* Begin PBXSourcesBuildPhase section */
		21F69A5613BAE289004D23C9 /* Sources */ = {
			isa = PBXSourcesBuildPhase;
			buildActionMask = 2147483647;
			files = (
				213F869F13BAE4C00059444A /* SqlEngineTestCase.cpp in Sources */,
				213F86A013BAE4C00059444A /* SqlEngineTestParser.cpp in Sources */,
				213F86A113BAE4C00059444A /* SqlEngineTestQuery.cpp in Sources */,
				21C6B8A1141F079B0087512F /* SQLParser.cpp in Sources */,
				21C6B8A2141F079B0087512F /* SQLStatement.cpp in Sources */,
				21C6B8A7141F363C0087512F /* SQL92Lexer.cpp in Sources */,
				21C6B8A8141F363C0087512F /* SQL92Parser.cpp in Sources */,
				210EFA7B1420807D00632849 /* GQLLexer.cpp in Sources */,
				210EFA7C1420807D00632849 /* GQLParser.cpp in Sources */,
				210EFA7F142080ED00632849 /* GQLParser.cpp in Sources */,
				214E449B1421E771003C918D /* SQL92Parser.cpp in Sources */,
				21C12A00142C011C00C41192 /* SQLNode.cpp in Sources */,
				21C12A07142C0F6F00C41192 /* SQLCommand.cpp in Sources */,
			);
			runOnlyForDeploymentPostprocessing = 0;
		};
/* End PBXSourcesBuildPhase section */

/* Begin XCBuildConfiguration section */
		21F69A6113BAE289004D23C9 /* Debug */ = {
			isa = XCBuildConfiguration;
			buildSettings = {
				ARCHS = "$(ARCHS_STANDARD_32_64_BIT)";
				GCC_C_LANGUAGE_STANDARD = gnu99;
				GCC_OPTIMIZATION_LEVEL = 0;
				GCC_PREPROCESSOR_DEFINITIONS = DEBUG;
				GCC_SYMBOLS_PRIVATE_EXTERN = NO;
				GCC_VERSION = com.apple.compilers.llvm.clang.1_0;
				GCC_WARN_64_TO_32_BIT_CONVERSION = YES;
				GCC_WARN_ABOUT_RETURN_TYPE = YES;
				GCC_WARN_UNUSED_VARIABLE = YES;
				HEADER_SEARCH_PATHS = (
					/usr/local/include,
					/opt/local/include,
					../../../include/,
					../../../src,
				);
				LIBRARY_SEARCH_PATHS = (
					/usr/local/lib,
					/opt/local/lib,
				);
				MACOSX_DEPLOYMENT_TARGET = 10.6;
				ONLY_ACTIVE_ARCH = YES;
				OTHER_LDFLAGS = "";
				SDKROOT = macosx;
			};
			name = Debug;
		};
		21F69A6213BAE289004D23C9 /* Release */ = {
			isa = XCBuildConfiguration;
			buildSettings = {
				ARCHS = "$(ARCHS_STANDARD_32_64_BIT)";
				GCC_C_LANGUAGE_STANDARD = gnu99;
				GCC_VERSION = com.apple.compilers.llvm.clang.1_0;
				GCC_WARN_64_TO_32_BIT_CONVERSION = YES;
				GCC_WARN_ABOUT_RETURN_TYPE = YES;
				GCC_WARN_UNUSED_VARIABLE = YES;
				HEADER_SEARCH_PATHS = (
					/usr/local/include,
					/opt/local/include,
					../../../include/,
					../../../src,
				);
				LIBRARY_SEARCH_PATHS = (
					/usr/local/lib,
					/opt/local/lib,
				);
				MACOSX_DEPLOYMENT_TARGET = 10.6;
				OTHER_LDFLAGS = "";
				SDKROOT = macosx;
			};
			name = Release;
		};
		21F69A6413BAE289004D23C9 /* Debug */ = {
			isa = XCBuildConfiguration;
			buildSettings = {
				ALWAYS_SEARCH_USER_PATHS = NO;
				COPY_PHASE_STRIP = NO;
				GCC_DYNAMIC_NO_PIC = NO;
				GCC_ENABLE_OBJC_EXCEPTIONS = YES;
				OTHER_LDFLAGS = (
					"-lboost_unit_test_framework",
					"-lantlr3c",
				);
				PRODUCT_NAME = "$(TARGET_NAME)";
			};
			name = Debug;
		};
		21F69A6513BAE289004D23C9 /* Release */ = {
			isa = XCBuildConfiguration;
			buildSettings = {
				ALWAYS_SEARCH_USER_PATHS = NO;
				COPY_PHASE_STRIP = YES;
				DEBUG_INFORMATION_FORMAT = "dwarf-with-dsym";
				GCC_ENABLE_OBJC_EXCEPTIONS = YES;
				OTHER_LDFLAGS = (
					"-lboost_unit_test_framework",
					"-lantlr3c",
				);
				PRODUCT_NAME = "$(TARGET_NAME)";
			};
			name = Release;
		};
/* End XCBuildConfiguration section */

/* Begin XCConfigurationList section */
		21F69A5413BAE289004D23C9 /* Build configuration list for PBXProject "SqlEngineTestUnit" */ = {
			isa = XCConfigurationList;
			buildConfigurations = (
				21F69A6113BAE289004D23C9 /* Debug */,
				21F69A6213BAE289004D23C9 /* Release */,
			);
			defaultConfigurationIsVisible = 0;
			defaultConfigurationName = Release;
		};
		21F69A6313BAE289004D23C9 /* Build configuration list for PBXNativeTarget "SqlEngineTestUnit" */ = {
			isa = XCConfigurationList;
			buildConfigurations = (
				21F69A6413BAE289004D23C9 /* Debug */,
				21F69A6513BAE289004D23C9 /* Release */,
			);
			defaultConfigurationIsVisible = 0;
			defaultConfigurationName = Release;
		};
/* End XCConfigurationList section */
	};
	rootObject = 21F69A5113BAE289004D23C9 /* Project object */;
}
