// !$*UTF8*$!
{
	archiveVersion = 1;
	classes = {
	};
	objectVersion = 46;
	objects = {

/* Begin PBXBuildFile section */
		213073DA14A95F8400C98535 /* SqlEngineTestExpression.cpp in Sources */ = {isa = PBXBuildFile; fileRef = 213073D914A95F8300C98535 /* SqlEngineTestExpression.cpp */; };
		21529E6F144C0FE600F05CDD /* SqlEngineTestUnQLParser.cpp in Sources */ = {isa = PBXBuildFile; fileRef = 21529E6E144C0FE600F05CDD /* SqlEngineTestUnQLParser.cpp */; };
		2153464B14342C5C00C748CC /* SqlEngineTestGQLParser.cpp in Sources */ = {isa = PBXBuildFile; fileRef = 2153464A14342C5C00C748CC /* SqlEngineTestGQLParser.cpp */; };
		217B30A9148F376B00194C2F /* SqlEngineTestCase.cpp in Sources */ = {isa = PBXBuildFile; fileRef = 217B30A7148F376B00194C2F /* SqlEngineTestCase.cpp */; };
		217B30AB148F3AD000194C2F /* SqlEngineTestSQL92Parser.cpp in Sources */ = {isa = PBXBuildFile; fileRef = 217B30AA148F3AD000194C2F /* SqlEngineTestSQL92Parser.cpp */; };
		218662A31468213F006B1883 /* SqlEngineLib.dylib in Frameworks */ = {isa = PBXBuildFile; fileRef = 218662A214682110006B1883 /* SqlEngineLib.dylib */; };
		21E7FE62143CD0FF00CB6A56 /* SqlEngineTestBase.cpp in Sources */ = {isa = PBXBuildFile; fileRef = 21E7FE61143CD0FF00CB6A56 /* SqlEngineTestBase.cpp */; };
		21EE498A143AB61B0010A7D1 /* SqlEngineTestMain.cpp in Sources */ = {isa = PBXBuildFile; fileRef = 21EE4989143AB61B0010A7D1 /* SqlEngineTestMain.cpp */; };
		21FFD86C145D543400589229 /* SqlEngineTestCaseReader.cpp in Sources */ = {isa = PBXBuildFile; fileRef = 21FFD86A145D543400589229 /* SqlEngineTestCaseReader.cpp */; };
/* End PBXBuildFile section */

/* Begin PBXContainerItemProxy section */
		213FE64614682371000F36F2 /* PBXContainerItemProxy */ = {
			isa = PBXContainerItemProxy;
			containerPortal = 2186629A1468210F006B1883 /* SqlEngineLib.xcodeproj */;
			proxyType = 1;
			remoteGlobalIDString = 212FB5D914681D420067F07B;
			remoteInfo = SqlEngineLib;
		};
		218662A114682110006B1883 /* PBXContainerItemProxy */ = {
			isa = PBXContainerItemProxy;
			containerPortal = 2186629A1468210F006B1883 /* SqlEngineLib.xcodeproj */;
			proxyType = 2;
			remoteGlobalIDString = 212FB5DA14681D420067F07B;
			remoteInfo = SqlEngineLib;
		};
/* End PBXContainerItemProxy section */

/* Begin PBXCopyFilesBuildPhase section */
		21F69A5813BAE289004D23C9 /* CopyFiles */ = {
			isa = PBXCopyFilesBuildPhase;
			buildActionMask = 2147483647;
			dstPath = /usr/share/man/man1/;
			dstSubfolderSpec = 0;
			files = (
			);
			runOnlyForDeploymentPostprocessing = 1;
		};
/* End PBXCopyFilesBuildPhase section */

/* Begin PBXFileReference section */
		213073D914A95F8300C98535 /* SqlEngineTestExpression.cpp */ = {isa = PBXFileReference; fileEncoding = 4; lastKnownFileType = sourcecode.cpp.cpp; name = SqlEngineTestExpression.cpp; path = ../../SqlEngineTestExpression.cpp; sourceTree = "<group>"; };
		213073DB14A960B300C98535 /* SqlEngineTestStatements.h */ = {isa = PBXFileReference; fileEncoding = 4; lastKnownFileType = sourcecode.c.h; name = SqlEngineTestStatements.h; path = ../../SqlEngineTestStatements.h; sourceTree = "<group>"; };
		213073DC14A9624400C98535 /* SqlEngineTestParser.h */ = {isa = PBXFileReference; fileEncoding = 4; lastKnownFileType = sourcecode.c.h; name = SqlEngineTestParser.h; path = ../../SqlEngineTestParser.h; sourceTree = "<group>"; };
		21529E6E144C0FE600F05CDD /* SqlEngineTestUnQLParser.cpp */ = {isa = PBXFileReference; fileEncoding = 4; lastKnownFileType = sourcecode.cpp.cpp; name = SqlEngineTestUnQLParser.cpp; path = ../../SqlEngineTestUnQLParser.cpp; sourceTree = "<group>"; };
		2153464A14342C5C00C748CC /* SqlEngineTestGQLParser.cpp */ = {isa = PBXFileReference; fileEncoding = 4; lastKnownFileType = sourcecode.cpp.cpp; name = SqlEngineTestGQLParser.cpp; path = ../../SqlEngineTestGQLParser.cpp; sourceTree = "<group>"; };
		217B30A7148F376B00194C2F /* SqlEngineTestCase.cpp */ = {isa = PBXFileReference; fileEncoding = 4; lastKnownFileType = sourcecode.cpp.cpp; name = SqlEngineTestCase.cpp; path = ../../SqlEngineTestCase.cpp; sourceTree = "<group>"; };
		217B30A8148F376B00194C2F /* SqlEngineTestCase.h */ = {isa = PBXFileReference; fileEncoding = 4; lastKnownFileType = sourcecode.c.h; name = SqlEngineTestCase.h; path = ../../SqlEngineTestCase.h; sourceTree = "<group>"; };
		217B30AA148F3AD000194C2F /* SqlEngineTestSQL92Parser.cpp */ = {isa = PBXFileReference; fileEncoding = 4; lastKnownFileType = sourcecode.cpp.cpp; name = SqlEngineTestSQL92Parser.cpp; path = ../../SqlEngineTestSQL92Parser.cpp; sourceTree = "<group>"; };
		2186629A1468210F006B1883 /* SqlEngineLib.xcodeproj */ = {isa = PBXFileReference; lastKnownFileType = "wrapper.pb-project"; name = SqlEngineLib.xcodeproj; path = ../../../lib/macosx/xcode/SqlEngineLib.xcodeproj; sourceTree = "<group>"; };
		21E7FE61143CD0FF00CB6A56 /* SqlEngineTestBase.cpp */ = {isa = PBXFileReference; fileEncoding = 4; lastKnownFileType = sourcecode.cpp.cpp; name = SqlEngineTestBase.cpp; path = ../../SqlEngineTestBase.cpp; sourceTree = "<group>"; };
		21EE4989143AB61B0010A7D1 /* SqlEngineTestMain.cpp */ = {isa = PBXFileReference; fileEncoding = 4; lastKnownFileType = sourcecode.cpp.cpp; name = SqlEngineTestMain.cpp; path = ../../SqlEngineTestMain.cpp; sourceTree = "<group>"; };
		21F69A5A13BAE289004D23C9 /* SqlEngineTestUnit */ = {isa = PBXFileReference; explicitFileType = "compiled.mach-o.executable"; includeInIndex = 0; path = SqlEngineTestUnit; sourceTree = BUILT_PRODUCTS_DIR; };
		21FFD86A145D543400589229 /* SqlEngineTestCaseReader.cpp */ = {isa = PBXFileReference; fileEncoding = 4; lastKnownFileType = sourcecode.cpp.cpp; name = SqlEngineTestCaseReader.cpp; path = ../../SqlEngineTestCaseReader.cpp; sourceTree = "<group>"; };
		21FFD86B145D543400589229 /* SqlEngineTestCaseReader.h */ = {isa = PBXFileReference; fileEncoding = 4; lastKnownFileType = sourcecode.c.h; name = SqlEngineTestCaseReader.h; path = ../../SqlEngineTestCaseReader.h; sourceTree = "<group>"; };
/* End PBXFileReference section */

/* Begin PBXFrameworksBuildPhase section */
		21F69A5713BAE289004D23C9 /* Frameworks */ = {
			isa = PBXFrameworksBuildPhase;
			buildActionMask = 2147483647;
			files = (
				218662A31468213F006B1883 /* SqlEngineLib.dylib in Frameworks */,
			);
			runOnlyForDeploymentPostprocessing = 0;
		};
/* End PBXFrameworksBuildPhase section */

/* Begin PBXGroup section */
		213F869A13BAE4B10059444A /* UnitTest */ = {
			isa = PBXGroup;
			children = (
				213073DC14A9624400C98535 /* SqlEngineTestParser.h */,
				213073DB14A960B300C98535 /* SqlEngineTestStatements.h */,
				217B30A7148F376B00194C2F /* SqlEngineTestCase.cpp */,
				217B30A8148F376B00194C2F /* SqlEngineTestCase.h */,
				21FFD86B145D543400589229 /* SqlEngineTestCaseReader.h */,
				21FFD86A145D543400589229 /* SqlEngineTestCaseReader.cpp */,
				21E7FE61143CD0FF00CB6A56 /* SqlEngineTestBase.cpp */,
				21EE4989143AB61B0010A7D1 /* SqlEngineTestMain.cpp */,
				213073D914A95F8300C98535 /* SqlEngineTestExpression.cpp */,
				217B30AA148F3AD000194C2F /* SqlEngineTestSQL92Parser.cpp */,
				2153464A14342C5C00C748CC /* SqlEngineTestGQLParser.cpp */,
				21529E6E144C0FE600F05CDD /* SqlEngineTestUnQLParser.cpp */,
			);
			name = UnitTest;
			sourceTree = "<group>";
		};
		21866299146820FC006B1883 /* Frameworks */ = {
			isa = PBXGroup;
			children = (
				2186629A1468210F006B1883 /* SqlEngineLib.xcodeproj */,
			);
			name = Frameworks;
			sourceTree = "<group>";
		};
		2186629B1468210F006B1883 /* Products */ = {
			isa = PBXGroup;
			children = (
				218662A214682110006B1883 /* SqlEngineLib.dylib */,
			);
			name = Products;
			sourceTree = "<group>";
		};
		21F69A4F13BAE289004D23C9 = {
			isa = PBXGroup;
			children = (
				21866299146820FC006B1883 /* Frameworks */,
				213F869A13BAE4B10059444A /* UnitTest */,
				21F69A5B13BAE289004D23C9 /* Products */,
			);
			sourceTree = "<group>";
		};
		21F69A5B13BAE289004D23C9 /* Products */ = {
			isa = PBXGroup;
			children = (
				21F69A5A13BAE289004D23C9 /* SqlEngineTestUnit */,
			);
			name = Products;
			sourceTree = "<group>";
		};
/* End PBXGroup section */

/* Begin PBXNativeTarget section */
		21F69A5913BAE289004D23C9 /* SqlEngineTestUnit */ = {
			isa = PBXNativeTarget;
			buildConfigurationList = 21F69A6313BAE289004D23C9 /* Build configuration list for PBXNativeTarget "SqlEngineTestUnit" */;
			buildPhases = (
				216900CD145A4358008DF010 /* ShellScript */,
				21F69A5613BAE289004D23C9 /* Sources */,
				21F69A5713BAE289004D23C9 /* Frameworks */,
				21F69A5813BAE289004D23C9 /* CopyFiles */,
			);
			buildRules = (
			);
			dependencies = (
				213FE64714682371000F36F2 /* PBXTargetDependency */,
			);
			name = SqlEngineTestUnit;
			productName = SqlEngineTestUnit;
			productReference = 21F69A5A13BAE289004D23C9 /* SqlEngineTestUnit */;
			productType = "com.apple.product-type.tool";
		};
/* End PBXNativeTarget section */

/* Begin PBXProject section */
		21F69A5113BAE289004D23C9 /* Project object */ = {
			isa = PBXProject;
			attributes = {
				LastUpgradeCheck = 0430;
			};
			buildConfigurationList = 21F69A5413BAE289004D23C9 /* Build configuration list for PBXProject "SqlEngineTestUnit" */;
			compatibilityVersion = "Xcode 3.2";
			developmentRegion = English;
			hasScannedForEncodings = 0;
			knownRegions = (
				en,
			);
			mainGroup = 21F69A4F13BAE289004D23C9;
			productRefGroup = 21F69A5B13BAE289004D23C9 /* Products */;
			projectDirPath = "";
			projectReferences = (
				{
					ProductGroup = 2186629B1468210F006B1883 /* Products */;
					ProjectRef = 2186629A1468210F006B1883 /* SqlEngineLib.xcodeproj */;
				},
			);
			projectRoot = "";
			targets = (
				21F69A5913BAE289004D23C9 /* SqlEngineTestUnit */,
			);
		};
/* End PBXProject section */

/* Begin PBXReferenceProxy section */
		218662A214682110006B1883 /* SqlEngineLib.dylib */ = {
			isa = PBXReferenceProxy;
			fileType = "compiled.mach-o.dylib";
			path = SqlEngineLib.dylib;
			remoteRef = 218662A114682110006B1883 /* PBXContainerItemProxy */;
			sourceTree = BUILT_PRODUCTS_DIR;
		};
/* End PBXReferenceProxy section */

/* Begin PBXShellScriptBuildPhase section */
		216900CD145A4358008DF010 /* ShellScript */ = {
			isa = PBXShellScriptBuildPhase;
			buildActionMask = 2147483647;
			files = (
			);
			inputPaths = (
			);
			outputPaths = (
			);
			runOnlyForDeploymentPostprocessing = 0;
			shellPath = /bin/sh;
			shellScript = "cd $SRCROOT/../../../src/cybergarage/sql/parser/antlr/\nmake";
		};
/* End PBXShellScriptBuildPhase section */

/* Begin PBXSourcesBuildPhase section */
		21F69A5613BAE289004D23C9 /* Sources */ = {
			isa = PBXSourcesBuildPhase;
			buildActionMask = 2147483647;
			files = (
				2153464B14342C5C00C748CC /* SqlEngineTestGQLParser.cpp in Sources */,
				21EE498A143AB61B0010A7D1 /* SqlEngineTestMain.cpp in Sources */,
				21E7FE62143CD0FF00CB6A56 /* SqlEngineTestBase.cpp in Sources */,
				21529E6F144C0FE600F05CDD /* SqlEngineTestUnQLParser.cpp in Sources */,
				21FFD86C145D543400589229 /* SqlEngineTestCaseReader.cpp in Sources */,
				217B30A9148F376B00194C2F /* SqlEngineTestCase.cpp in Sources */,
				217B30AB148F3AD000194C2F /* SqlEngineTestSQL92Parser.cpp in Sources */,
				213073DA14A95F8400C98535 /* SqlEngineTestExpression.cpp in Sources */,
			);
			runOnlyForDeploymentPostprocessing = 0;
		};
/* End PBXSourcesBuildPhase section */

/* Begin PBXTargetDependency section */
		213FE64714682371000F36F2 /* PBXTargetDependency */ = {
			isa = PBXTargetDependency;
			name = SqlEngineLib;
			targetProxy = 213FE64614682371000F36F2 /* PBXContainerItemProxy */;
		};
/* End PBXTargetDependency section */

/* Begin XCBuildConfiguration section */
		21F69A6113BAE289004D23C9 /* Debug */ = {
			isa = XCBuildConfiguration;
			buildSettings = {
				ARCHS = "$(ARCHS_STANDARD_32_64_BIT)";
				GCC_C_LANGUAGE_STANDARD = gnu99;
				GCC_OPTIMIZATION_LEVEL = 0;
				GCC_PREPROCESSOR_DEFINITIONS = DEBUG;
				GCC_SYMBOLS_PRIVATE_EXTERN = NO;
				GCC_VERSION = com.apple.compilers.llvm.clang.1_0;
				GCC_WARN_64_TO_32_BIT_CONVERSION = YES;
				GCC_WARN_ABOUT_RETURN_TYPE = YES;
				GCC_WARN_UNUSED_VARIABLE = YES;
				HEADER_SEARCH_PATHS = (
					/usr/local/include,
					/opt/local/include,
					../../../include/,
					../../../src,
				);
				LIBRARY_SEARCH_PATHS = (
					/usr/local/lib,
					/opt/local/lib,
				);
				MACOSX_DEPLOYMENT_TARGET = 10.6;
				ONLY_ACTIVE_ARCH = YES;
				OTHER_LDFLAGS = "";
				SDKROOT = macosx;
			};
			name = Debug;
		};
		21F69A6213BAE289004D23C9 /* Release */ = {
			isa = XCBuildConfiguration;
			buildSettings = {
				ARCHS = "$(ARCHS_STANDARD_32_64_BIT)";
				GCC_C_LANGUAGE_STANDARD = gnu99;
				GCC_VERSION = com.apple.compilers.llvm.clang.1_0;
				GCC_WARN_64_TO_32_BIT_CONVERSION = YES;
				GCC_WARN_ABOUT_RETURN_TYPE = YES;
				GCC_WARN_UNUSED_VARIABLE = YES;
				HEADER_SEARCH_PATHS = (
					/usr/local/include,
					/opt/local/include,
					../../../include/,
					../../../src,
				);
				LIBRARY_SEARCH_PATHS = (
					/usr/local/lib,
					/opt/local/lib,
				);
				MACOSX_DEPLOYMENT_TARGET = 10.6;
				OTHER_LDFLAGS = "";
				SDKROOT = macosx;
			};
			name = Release;
		};
		21F69A6413BAE289004D23C9 /* Debug */ = {
			isa = XCBuildConfiguration;
			buildSettings = {
				ALWAYS_SEARCH_USER_PATHS = NO;
				COPY_PHASE_STRIP = NO;
				GCC_DYNAMIC_NO_PIC = NO;
				GCC_ENABLE_OBJC_EXCEPTIONS = YES;
				OTHER_LDFLAGS = "-lboost_unit_test_framework";
				PRODUCT_NAME = "$(TARGET_NAME)";
			};
			name = Debug;
		};
		21F69A6513BAE289004D23C9 /* Release */ = {
			isa = XCBuildConfiguration;
			buildSettings = {
				ALWAYS_SEARCH_USER_PATHS = NO;
				COPY_PHASE_STRIP = YES;
				DEBUG_INFORMATION_FORMAT = "dwarf-with-dsym";
				GCC_ENABLE_OBJC_EXCEPTIONS = YES;
				OTHER_LDFLAGS = "-lboost_unit_test_framework";
				PRODUCT_NAME = "$(TARGET_NAME)";
			};
			name = Release;
		};
/* End XCBuildConfiguration section */

/* Begin XCConfigurationList section */
		21F69A5413BAE289004D23C9 /* Build configuration list for PBXProject "SqlEngineTestUnit" */ = {
			isa = XCConfigurationList;
			buildConfigurations = (
				21F69A6113BAE289004D23C9 /* Debug */,
				21F69A6213BAE289004D23C9 /* Release */,
			);
			defaultConfigurationIsVisible = 0;
			defaultConfigurationName = Release;
		};
		21F69A6313BAE289004D23C9 /* Build configuration list for PBXNativeTarget "SqlEngineTestUnit" */ = {
			isa = XCConfigurationList;
			buildConfigurations = (
				21F69A6413BAE289004D23C9 /* Debug */,
				21F69A6513BAE289004D23C9 /* Release */,
			);
			defaultConfigurationIsVisible = 0;
			defaultConfigurationName = Release;
		};
/* End XCConfigurationList section */
	};
	rootObject = 21F69A5113BAE289004D23C9 /* Project object */;
}
