// !$*UTF8*$!
{
	archiveVersion = 1;
	classes = {
	};
	objectVersion = 46;
	objects = {

/* Begin PBXBuildFile section */
		210EFA7B1420807D00632849 /* GQLLexer.cpp in Sources */ = {isa = PBXBuildFile; fileRef = 210EFA771420807D00632849 /* GQLLexer.cpp */; };
		210EFA7C1420807D00632849 /* GQLParser.cpp in Sources */ = {isa = PBXBuildFile; fileRef = 210EFA791420807D00632849 /* GQLParser.cpp */; };
		210EFA7F142080ED00632849 /* GQLParser.cpp in Sources */ = {isa = PBXBuildFile; fileRef = 210EFA7E142080ED00632849 /* GQLParser.cpp */; };
		213F86A113BAE4C00059444A /* SqlEngineTestQuery.cpp in Sources */ = {isa = PBXBuildFile; fileRef = 213F869E13BAE4C00059444A /* SqlEngineTestQuery.cpp */; };
		214E449B1421E771003C918D /* SQL92Parser.cpp in Sources */ = {isa = PBXBuildFile; fileRef = 214E449A1421E771003C918D /* SQL92Parser.cpp */; };
		21529E6F144C0FE600F05CDD /* SqlEngineTestUnQLParser.cpp in Sources */ = {isa = PBXBuildFile; fileRef = 21529E6E144C0FE600F05CDD /* SqlEngineTestUnQLParser.cpp */; };
		2153464B14342C5C00C748CC /* SqlEngineTestGQLParser.cpp in Sources */ = {isa = PBXBuildFile; fileRef = 2153464A14342C5C00C748CC /* SqlEngineTestGQLParser.cpp */; };
		216C2261143993AE001A53DC /* SQLCondition.cpp in Sources */ = {isa = PBXBuildFile; fileRef = 216C2260143993AE001A53DC /* SQLCondition.cpp */; };
		21C12A00142C011C00C41192 /* SQLNode.cpp in Sources */ = {isa = PBXBuildFile; fileRef = 21C129FF142C011C00C41192 /* SQLNode.cpp */; };
		21C12A07142C0F6F00C41192 /* SQLCommand.cpp in Sources */ = {isa = PBXBuildFile; fileRef = 21C12A06142C0F6F00C41192 /* SQLCommand.cpp */; };
		21C6B8A1141F079B0087512F /* SQLParser.cpp in Sources */ = {isa = PBXBuildFile; fileRef = 21C6B898141F079B0087512F /* SQLParser.cpp */; };
		21C6B8A2141F079B0087512F /* SQLStatement.cpp in Sources */ = {isa = PBXBuildFile; fileRef = 21C6B899141F079B0087512F /* SQLStatement.cpp */; };
		21C6B8A7141F363C0087512F /* SQL92Lexer.cpp in Sources */ = {isa = PBXBuildFile; fileRef = 21C6B8A3141F363C0087512F /* SQL92Lexer.cpp */; };
		21C6B8A8141F363C0087512F /* SQL92Parser.cpp in Sources */ = {isa = PBXBuildFile; fileRef = 21C6B8A5141F363C0087512F /* SQL92Parser.cpp */; };
		21E7FE62143CD0FF00CB6A56 /* SqlEngineTestBase.cpp in Sources */ = {isa = PBXBuildFile; fileRef = 21E7FE61143CD0FF00CB6A56 /* SqlEngineTestBase.cpp */; };
		21E7FE64143CE2B500CB6A56 /* UnQLParser.cpp in Sources */ = {isa = PBXBuildFile; fileRef = 21E7FE63143CE2B500CB6A56 /* UnQLParser.cpp */; };
		21E7FE6A143CE36700CB6A56 /* UnQLLexer.cpp in Sources */ = {isa = PBXBuildFile; fileRef = 21E7FE66143CE36600CB6A56 /* UnQLLexer.cpp */; };
		21E7FE6B143CE36700CB6A56 /* UnQLParser.cpp in Sources */ = {isa = PBXBuildFile; fileRef = 21E7FE68143CE36600CB6A56 /* UnQLParser.cpp */; };
		21EE497A143AA1350010A7D1 /* SQLOrder.cpp in Sources */ = {isa = PBXBuildFile; fileRef = 21EE4979143AA1350010A7D1 /* SQLOrder.cpp */; };
		21EE498A143AB61B0010A7D1 /* SqlEngineTestMain.cpp in Sources */ = {isa = PBXBuildFile; fileRef = 21EE4989143AB61B0010A7D1 /* SqlEngineTestMain.cpp */; };
/* End PBXBuildFile section */

/* Begin PBXCopyFilesBuildPhase section */
		21F69A5813BAE289004D23C9 /* CopyFiles */ = {
			isa = PBXCopyFilesBuildPhase;
			buildActionMask = 2147483647;
			dstPath = /usr/share/man/man1/;
			dstSubfolderSpec = 0;
			files = (
			);
			runOnlyForDeploymentPostprocessing = 1;
		};
/* End PBXCopyFilesBuildPhase section */

/* Begin PBXFileReference section */
		210EFA771420807D00632849 /* GQLLexer.cpp */ = {isa = PBXFileReference; fileEncoding = 4; lastKnownFileType = sourcecode.cpp.cpp; path = GQLLexer.cpp; sourceTree = "<group>"; };
		210EFA781420807D00632849 /* GQLLexer.h */ = {isa = PBXFileReference; fileEncoding = 4; lastKnownFileType = sourcecode.c.h; path = GQLLexer.h; sourceTree = "<group>"; };
		210EFA791420807D00632849 /* GQLParser.cpp */ = {isa = PBXFileReference; fileEncoding = 4; lastKnownFileType = sourcecode.cpp.cpp; lineEnding = 0; path = GQLParser.cpp; sourceTree = "<group>"; xcLanguageSpecificationIdentifier = xcode.lang.cpp; };
		210EFA7A1420807D00632849 /* GQLParser.h */ = {isa = PBXFileReference; fileEncoding = 4; lastKnownFileType = sourcecode.c.h; path = GQLParser.h; sourceTree = "<group>"; };
		210EFA7E142080ED00632849 /* GQLParser.cpp */ = {isa = PBXFileReference; fileEncoding = 4; lastKnownFileType = sourcecode.cpp.cpp; path = GQLParser.cpp; sourceTree = "<group>"; };
		210EFA801420861D00632849 /* GQLParser.h */ = {isa = PBXFileReference; fileEncoding = 4; lastKnownFileType = sourcecode.c.h; path = GQLParser.h; sourceTree = "<group>"; };
		213F869E13BAE4C00059444A /* SqlEngineTestQuery.cpp */ = {isa = PBXFileReference; fileEncoding = 4; lastKnownFileType = sourcecode.cpp.cpp; name = SqlEngineTestQuery.cpp; path = ../../SqlEngineTestQuery.cpp; sourceTree = "<group>"; };
		214E44981421E75B003C918D /* SQL92Parser.h */ = {isa = PBXFileReference; fileEncoding = 4; lastKnownFileType = sourcecode.c.h; path = SQL92Parser.h; sourceTree = "<group>"; };
		214E449A1421E771003C918D /* SQL92Parser.cpp */ = {isa = PBXFileReference; fileEncoding = 4; lastKnownFileType = sourcecode.cpp.cpp; path = SQL92Parser.cpp; sourceTree = "<group>"; };
		21529E6B144BFCFF00F05CDD /* SQLCollection.h */ = {isa = PBXFileReference; fileEncoding = 4; lastKnownFileType = sourcecode.c.h; name = SQLCollection.h; path = node/SQLCollection.h; sourceTree = "<group>"; };
		21529E6D144C018600F05CDD /* SQLExpression.h */ = {isa = PBXFileReference; fileEncoding = 4; lastKnownFileType = sourcecode.c.h; name = SQLExpression.h; path = node/SQLExpression.h; sourceTree = "<group>"; };
		21529E6E144C0FE600F05CDD /* SqlEngineTestUnQLParser.cpp */ = {isa = PBXFileReference; fileEncoding = 4; lastKnownFileType = sourcecode.cpp.cpp; name = SqlEngineTestUnQLParser.cpp; path = ../../SqlEngineTestUnQLParser.cpp; sourceTree = "<group>"; };
		215346461434251D00C748CC /* SQLFrom.h */ = {isa = PBXFileReference; fileEncoding = 4; lastKnownFileType = sourcecode.c.h; name = SQLFrom.h; path = node/SQLFrom.h; sourceTree = "<group>"; };
		215346471434251D00C748CC /* SQLTable.h */ = {isa = PBXFileReference; fileEncoding = 4; lastKnownFileType = sourcecode.c.h; name = SQLTable.h; path = node/SQLTable.h; sourceTree = "<group>"; };
		215346491434261400C748CC /* SQLNodes.h */ = {isa = PBXFileReference; fileEncoding = 4; lastKnownFileType = sourcecode.c.h; lineEnding = 2; path = SQLNodes.h; sourceTree = "<group>"; xcLanguageSpecificationIdentifier = xcode.lang.objcpp; };
		2153464A14342C5C00C748CC /* SqlEngineTestGQLParser.cpp */ = {isa = PBXFileReference; fileEncoding = 4; lastKnownFileType = sourcecode.cpp.cpp; name = SqlEngineTestGQLParser.cpp; path = ../../SqlEngineTestGQLParser.cpp; sourceTree = "<group>"; };
		216C21DB14398629001A53DC /* SQLColumn.h */ = {isa = PBXFileReference; fileEncoding = 4; lastKnownFileType = sourcecode.c.h; name = SQLColumn.h; path = node/SQLColumn.h; sourceTree = "<group>"; };
		216C21DC14398629001A53DC /* SQLColumns.h */ = {isa = PBXFileReference; fileEncoding = 4; lastKnownFileType = sourcecode.c.h; lineEnding = 2; name = SQLColumns.h; path = node/SQLColumns.h; sourceTree = "<group>"; xcLanguageSpecificationIdentifier = xcode.lang.objcpp; };
		216C225E14398FEE001A53DC /* SQLCondition.h */ = {isa = PBXFileReference; fileEncoding = 4; lastKnownFileType = sourcecode.c.h; name = SQLCondition.h; path = node/SQLCondition.h; sourceTree = "<group>"; };
		216C225F14398FEE001A53DC /* SQLWhere.h */ = {isa = PBXFileReference; fileEncoding = 4; lastKnownFileType = sourcecode.c.h; name = SQLWhere.h; path = node/SQLWhere.h; sourceTree = "<group>"; };
		216C2260143993AE001A53DC /* SQLCondition.cpp */ = {isa = PBXFileReference; fileEncoding = 4; lastKnownFileType = sourcecode.cpp.cpp; name = SQLCondition.cpp; path = node/SQLCondition.cpp; sourceTree = "<group>"; };
		21C129FF142C011C00C41192 /* SQLNode.cpp */ = {isa = PBXFileReference; fileEncoding = 4; lastKnownFileType = sourcecode.cpp.cpp; path = SQLNode.cpp; sourceTree = "<group>"; };
		21C12A02142C013000C41192 /* SQLNode.h */ = {isa = PBXFileReference; fileEncoding = 4; lastKnownFileType = sourcecode.c.h; path = SQLNode.h; sourceTree = "<group>"; };
		21C12A04142C0F5400C41192 /* SQLCommand.h */ = {isa = PBXFileReference; fileEncoding = 4; lastKnownFileType = sourcecode.c.h; name = SQLCommand.h; path = node/SQLCommand.h; sourceTree = "<group>"; };
		21C12A06142C0F6F00C41192 /* SQLCommand.cpp */ = {isa = PBXFileReference; fileEncoding = 4; lastKnownFileType = sourcecode.cpp.cpp; name = SQLCommand.cpp; path = node/SQLCommand.cpp; sourceTree = "<group>"; };
		21C6B898141F079B0087512F /* SQLParser.cpp */ = {isa = PBXFileReference; fileEncoding = 4; lastKnownFileType = sourcecode.cpp.cpp; path = SQLParser.cpp; sourceTree = "<group>"; };
		21C6B899141F079B0087512F /* SQLStatement.cpp */ = {isa = PBXFileReference; fileEncoding = 4; lastKnownFileType = sourcecode.cpp.cpp; path = SQLStatement.cpp; sourceTree = "<group>"; };
		21C6B8A3141F363C0087512F /* SQL92Lexer.cpp */ = {isa = PBXFileReference; fileEncoding = 4; lastKnownFileType = sourcecode.cpp.cpp; path = SQL92Lexer.cpp; sourceTree = "<group>"; };
		21C6B8A5141F363C0087512F /* SQL92Parser.cpp */ = {isa = PBXFileReference; fileEncoding = 4; lastKnownFileType = sourcecode.cpp.cpp; path = SQL92Parser.cpp; sourceTree = "<group>"; };
		21C6B8AC141F38F20087512F /* SQLParser.h */ = {isa = PBXFileReference; fileEncoding = 4; lastKnownFileType = sourcecode.c.h; path = SQLParser.h; sourceTree = "<group>"; };
		21C6B8AD141F38F20087512F /* SQLStatement.h */ = {isa = PBXFileReference; fileEncoding = 4; lastKnownFileType = sourcecode.c.h; path = SQLStatement.h; sourceTree = "<group>"; };
		21C6B8AE141F44D90087512F /* SQL92Lexer.h */ = {isa = PBXFileReference; fileEncoding = 4; lastKnownFileType = sourcecode.c.h; path = SQL92Lexer.h; sourceTree = "<group>"; };
		21C6B8AF141F44D90087512F /* SQL92Parser.h */ = {isa = PBXFileReference; fileEncoding = 4; lastKnownFileType = sourcecode.c.h; path = SQL92Parser.h; sourceTree = "<group>"; };
		21E7FE61143CD0FF00CB6A56 /* SqlEngineTestBase.cpp */ = {isa = PBXFileReference; fileEncoding = 4; lastKnownFileType = sourcecode.cpp.cpp; name = SqlEngineTestBase.cpp; path = ../../SqlEngineTestBase.cpp; sourceTree = "<group>"; };
		21E7FE63143CE2B500CB6A56 /* UnQLParser.cpp */ = {isa = PBXFileReference; fileEncoding = 4; lastKnownFileType = sourcecode.cpp.cpp; path = UnQLParser.cpp; sourceTree = "<group>"; };
		21E7FE65143CE31500CB6A56 /* UnQLParser.h */ = {isa = PBXFileReference; fileEncoding = 4; lastKnownFileType = sourcecode.c.h; path = UnQLParser.h; sourceTree = "<group>"; };
		21E7FE66143CE36600CB6A56 /* UnQLLexer.cpp */ = {isa = PBXFileReference; fileEncoding = 4; lastKnownFileType = sourcecode.cpp.cpp; path = UnQLLexer.cpp; sourceTree = "<group>"; };
		21E7FE67143CE36600CB6A56 /* UnQLLexer.h */ = {isa = PBXFileReference; fileEncoding = 4; lastKnownFileType = sourcecode.c.h; path = UnQLLexer.h; sourceTree = "<group>"; };
		21E7FE68143CE36600CB6A56 /* UnQLParser.cpp */ = {isa = PBXFileReference; fileEncoding = 4; lastKnownFileType = sourcecode.cpp.cpp; path = UnQLParser.cpp; sourceTree = "<group>"; };
		21E7FE69143CE36700CB6A56 /* UnQLParser.h */ = {isa = PBXFileReference; fileEncoding = 4; lastKnownFileType = sourcecode.c.h; path = UnQLParser.h; sourceTree = "<group>"; };
		21EE4976143AA1160010A7D1 /* SQLOrder.h */ = {isa = PBXFileReference; fileEncoding = 4; lastKnownFileType = sourcecode.c.h; name = SQLOrder.h; path = node/SQLOrder.h; sourceTree = "<group>"; };
		21EE4977143AA1160010A7D1 /* SQLOrders.h */ = {isa = PBXFileReference; fileEncoding = 4; lastKnownFileType = sourcecode.c.h; name = SQLOrders.h; path = node/SQLOrders.h; sourceTree = "<group>"; };
		21EE4979143AA1350010A7D1 /* SQLOrder.cpp */ = {isa = PBXFileReference; fileEncoding = 4; lastKnownFileType = sourcecode.cpp.cpp; name = SQLOrder.cpp; path = node/SQLOrder.cpp; sourceTree = "<group>"; };
		21EE497B143AA68D0010A7D1 /* SQLLimit.h */ = {isa = PBXFileReference; fileEncoding = 4; lastKnownFileType = sourcecode.c.h; name = SQLLimit.h; path = node/SQLLimit.h; sourceTree = "<group>"; };
		21EE497C143AA68D0010A7D1 /* SQLOffset.h */ = {isa = PBXFileReference; fileEncoding = 4; lastKnownFileType = sourcecode.c.h; name = SQLOffset.h; path = node/SQLOffset.h; sourceTree = "<group>"; };
		21EE4989143AB61B0010A7D1 /* SqlEngineTestMain.cpp */ = {isa = PBXFileReference; fileEncoding = 4; lastKnownFileType = sourcecode.cpp.cpp; name = SqlEngineTestMain.cpp; path = ../../SqlEngineTestMain.cpp; sourceTree = "<group>"; };
		21F69A5A13BAE289004D23C9 /* SqlEngineTestUnit */ = {isa = PBXFileReference; explicitFileType = "compiled.mach-o.executable"; includeInIndex = 0; path = SqlEngineTestUnit; sourceTree = BUILT_PRODUCTS_DIR; };
/* End PBXFileReference section */

/* Begin PBXFrameworksBuildPhase section */
		21F69A5713BAE289004D23C9 /* Frameworks */ = {
			isa = PBXFrameworksBuildPhase;
			buildActionMask = 2147483647;
			files = (
			);
			runOnlyForDeploymentPostprocessing = 0;
		};
/* End PBXFrameworksBuildPhase section */

/* Begin PBXGroup section */
		213F869A13BAE4B10059444A /* UnitTest */ = {
			isa = PBXGroup;
			children = (
				21529E6E144C0FE600F05CDD /* SqlEngineTestUnQLParser.cpp */,
				21E7FE61143CD0FF00CB6A56 /* SqlEngineTestBase.cpp */,
				21EE4989143AB61B0010A7D1 /* SqlEngineTestMain.cpp */,
				213F869E13BAE4C00059444A /* SqlEngineTestQuery.cpp */,
				2153464A14342C5C00C748CC /* SqlEngineTestGQLParser.cpp */,
			);
			name = UnitTest;
			sourceTree = "<group>";
		};
		21C12A03142C0F4200C41192 /* node */ = {
			isa = PBXGroup;
			children = (
				21529E6D144C018600F05CDD /* SQLExpression.h */,
				21529E6B144BFCFF00F05CDD /* SQLCollection.h */,
				21EE497B143AA68D0010A7D1 /* SQLLimit.h */,
				21EE497C143AA68D0010A7D1 /* SQLOffset.h */,
				21EE4976143AA1160010A7D1 /* SQLOrder.h */,
				21EE4977143AA1160010A7D1 /* SQLOrders.h */,
				216C225E14398FEE001A53DC /* SQLCondition.h */,
				216C225F14398FEE001A53DC /* SQLWhere.h */,
				216C21DB14398629001A53DC /* SQLColumn.h */,
				216C21DC14398629001A53DC /* SQLColumns.h */,
				215346461434251D00C748CC /* SQLFrom.h */,
				215346471434251D00C748CC /* SQLTable.h */,
				21C12A04142C0F5400C41192 /* SQLCommand.h */,
			);
			name = node;
			sourceTree = "<group>";
		};
		21C12A05142C0F5A00C41192 /* node */ = {
			isa = PBXGroup;
			children = (
				21EE4979143AA1350010A7D1 /* SQLOrder.cpp */,
				216C2260143993AE001A53DC /* SQLCondition.cpp */,
				21C12A06142C0F6F00C41192 /* SQLCommand.cpp */,
			);
			name = node;
			sourceTree = "<group>";
		};
		21C6B882141F07800087512F /* Source */ = {
			isa = PBXGroup;
			children = (
				21C6B884141F079B0087512F /* cybergarage */,
			);
			name = Source;
			sourceTree = "<group>";
		};
		21C6B884141F079B0087512F /* cybergarage */ = {
			isa = PBXGroup;
			children = (
				21C6B885141F079B0087512F /* sql */,
			);
			name = cybergarage;
			path = ../../../src/cybergarage;
			sourceTree = "<group>";
		};
		21C6B885141F079B0087512F /* sql */ = {
			isa = PBXGroup;
			children = (
				21C12A05142C0F5A00C41192 /* node */,
				21C6B886141F079B0087512F /* parser */,
				21C6B898141F079B0087512F /* SQLParser.cpp */,
				21C6B899141F079B0087512F /* SQLStatement.cpp */,
				210EFA7E142080ED00632849 /* GQLParser.cpp */,
				214E449A1421E771003C918D /* SQL92Parser.cpp */,
				21C129FF142C011C00C41192 /* SQLNode.cpp */,
				21E7FE63143CE2B500CB6A56 /* UnQLParser.cpp */,
			);
			path = sql;
			sourceTree = "<group>";
		};
		21C6B886141F079B0087512F /* parser */ = {
			isa = PBXGroup;
			children = (
				21C6B887141F079B0087512F /* antlr */,
			);
			path = parser;
			sourceTree = "<group>";
		};
		21C6B887141F079B0087512F /* antlr */ = {
			isa = PBXGroup;
			children = (
				21E7FE66143CE36600CB6A56 /* UnQLLexer.cpp */,
				21E7FE67143CE36600CB6A56 /* UnQLLexer.h */,
				21E7FE68143CE36600CB6A56 /* UnQLParser.cpp */,
				21E7FE69143CE36700CB6A56 /* UnQLParser.h */,
				210EFA771420807D00632849 /* GQLLexer.cpp */,
				210EFA781420807D00632849 /* GQLLexer.h */,
				210EFA791420807D00632849 /* GQLParser.cpp */,
				210EFA7A1420807D00632849 /* GQLParser.h */,
				21C6B8AE141F44D90087512F /* SQL92Lexer.h */,
				21C6B8AF141F44D90087512F /* SQL92Parser.h */,
				21C6B8A3141F363C0087512F /* SQL92Lexer.cpp */,
				21C6B8A5141F363C0087512F /* SQL92Parser.cpp */,
			);
			path = antlr;
			sourceTree = "<group>";
		};
		21C6B8A9141F38E00087512F /* Headers */ = {
			isa = PBXGroup;
			children = (
				21C6B8AA141F38F20087512F /* cybergarage */,
			);
			name = Headers;
			sourceTree = "<group>";
		};
		21C6B8AA141F38F20087512F /* cybergarage */ = {
			isa = PBXGroup;
			children = (
				21C6B8AB141F38F20087512F /* sql */,
			);
			name = cybergarage;
			path = ../../../include/cybergarage;
			sourceTree = "<group>";
		};
		21C6B8AB141F38F20087512F /* sql */ = {
			isa = PBXGroup;
			children = (
				21C12A03142C0F4200C41192 /* node */,
				21C12A02142C013000C41192 /* SQLNode.h */,
				215346491434261400C748CC /* SQLNodes.h */,
				21C6B8AC141F38F20087512F /* SQLParser.h */,
				214E44981421E75B003C918D /* SQL92Parser.h */,
				210EFA801420861D00632849 /* GQLParser.h */,
				21C6B8AD141F38F20087512F /* SQLStatement.h */,
				21E7FE65143CE31500CB6A56 /* UnQLParser.h */,
			);
			path = sql;
			sourceTree = "<group>";
		};
		21F69A4F13BAE289004D23C9 = {
			isa = PBXGroup;
			children = (
				21C6B8A9141F38E00087512F /* Headers */,
				21C6B882141F07800087512F /* Source */,
				213F869A13BAE4B10059444A /* UnitTest */,
				21F69A5B13BAE289004D23C9 /* Products */,
			);
			sourceTree = "<group>";
		};
		21F69A5B13BAE289004D23C9 /* Products */ = {
			isa = PBXGroup;
			children = (
				21F69A5A13BAE289004D23C9 /* SqlEngineTestUnit */,
			);
			name = Products;
			sourceTree = "<group>";
		};
/* End PBXGroup section */

/* Begin PBXNativeTarget section */
		21F69A5913BAE289004D23C9 /* SqlEngineTestUnit */ = {
			isa = PBXNativeTarget;
			buildConfigurationList = 21F69A6313BAE289004D23C9 /* Build configuration list for PBXNativeTarget "SqlEngineTestUnit" */;
			buildPhases = (
				21F69A5613BAE289004D23C9 /* Sources */,
				21F69A5713BAE289004D23C9 /* Frameworks */,
				21F69A5813BAE289004D23C9 /* CopyFiles */,
			);
			buildRules = (
			);
			dependencies = (
			);
			name = SqlEngineTestUnit;
			productName = SqlEngineTestUnit;
			productReference = 21F69A5A13BAE289004D23C9 /* SqlEngineTestUnit */;
			productType = "com.apple.product-type.tool";
		};
/* End PBXNativeTarget section */

/* Begin PBXProject section */
		21F69A5113BAE289004D23C9 /* Project object */ = {
			isa = PBXProject;
			attributes = {
				LastUpgradeCheck = 0420;
			};
			buildConfigurationList = 21F69A5413BAE289004D23C9 /* Build configuration list for PBXProject "SqlEngineTestUnit" */;
			compatibilityVersion = "Xcode 3.2";
			developmentRegion = English;
			hasScannedForEncodings = 0;
			knownRegions = (
				en,
			);
			mainGroup = 21F69A4F13BAE289004D23C9;
			productRefGroup = 21F69A5B13BAE289004D23C9 /* Products */;
			projectDirPath = "";
			projectRoot = "";
			targets = (
				21F69A5913BAE289004D23C9 /* SqlEngineTestUnit */,
			);
		};
/* End PBXProject section */

/* Begin PBXSourcesBuildPhase section */
		21F69A5613BAE289004D23C9 /* Sources */ = {
			isa = PBXSourcesBuildPhase;
			buildActionMask = 2147483647;
			files = (
				213F86A113BAE4C00059444A /* SqlEngineTestQuery.cpp in Sources */,
				21C6B8A1141F079B0087512F /* SQLParser.cpp in Sources */,
				21C6B8A2141F079B0087512F /* SQLStatement.cpp in Sources */,
				21C6B8A7141F363C0087512F /* SQL92Lexer.cpp in Sources */,
				21C6B8A8141F363C0087512F /* SQL92Parser.cpp in Sources */,
				210EFA7B1420807D00632849 /* GQLLexer.cpp in Sources */,
				210EFA7C1420807D00632849 /* GQLParser.cpp in Sources */,
				210EFA7F142080ED00632849 /* GQLParser.cpp in Sources */,
				214E449B1421E771003C918D /* SQL92Parser.cpp in Sources */,
				21C12A00142C011C00C41192 /* SQLNode.cpp in Sources */,
				21C12A07142C0F6F00C41192 /* SQLCommand.cpp in Sources */,
				2153464B14342C5C00C748CC /* SqlEngineTestGQLParser.cpp in Sources */,
				216C2261143993AE001A53DC /* SQLCondition.cpp in Sources */,
				21EE497A143AA1350010A7D1 /* SQLOrder.cpp in Sources */,
				21EE498A143AB61B0010A7D1 /* SqlEngineTestMain.cpp in Sources */,
				21E7FE62143CD0FF00CB6A56 /* SqlEngineTestBase.cpp in Sources */,
				21E7FE64143CE2B500CB6A56 /* UnQLParser.cpp in Sources */,
				21E7FE6A143CE36700CB6A56 /* UnQLLexer.cpp in Sources */,
				21E7FE6B143CE36700CB6A56 /* UnQLParser.cpp in Sources */,
				21529E6F144C0FE600F05CDD /* SqlEngineTestUnQLParser.cpp in Sources */,
			);
			runOnlyForDeploymentPostprocessing = 0;
		};
/* End PBXSourcesBuildPhase section */

/* Begin XCBuildConfiguration section */
		21F69A6113BAE289004D23C9 /* Debug */ = {
			isa = XCBuildConfiguration;
			buildSettings = {
				ARCHS = "$(ARCHS_STANDARD_32_64_BIT)";
				GCC_C_LANGUAGE_STANDARD = gnu99;
				GCC_OPTIMIZATION_LEVEL = 0;
				GCC_PREPROCESSOR_DEFINITIONS = DEBUG;
				GCC_SYMBOLS_PRIVATE_EXTERN = NO;
				GCC_VERSION = com.apple.compilers.llvm.clang.1_0;
				GCC_WARN_64_TO_32_BIT_CONVERSION = YES;
				GCC_WARN_ABOUT_RETURN_TYPE = YES;
				GCC_WARN_UNUSED_VARIABLE = YES;
				HEADER_SEARCH_PATHS = (
					/usr/local/include,
					/opt/local/include,
					../../../include/,
					../../../src,
				);
				LIBRARY_SEARCH_PATHS = (
					/usr/local/lib,
					/opt/local/lib,
				);
				MACOSX_DEPLOYMENT_TARGET = 10.6;
				ONLY_ACTIVE_ARCH = YES;
				OTHER_LDFLAGS = "";
				SDKROOT = macosx;
			};
			name = Debug;
		};
		21F69A6213BAE289004D23C9 /* Release */ = {
			isa = XCBuildConfiguration;
			buildSettings = {
				ARCHS = "$(ARCHS_STANDARD_32_64_BIT)";
				GCC_C_LANGUAGE_STANDARD = gnu99;
				GCC_VERSION = com.apple.compilers.llvm.clang.1_0;
				GCC_WARN_64_TO_32_BIT_CONVERSION = YES;
				GCC_WARN_ABOUT_RETURN_TYPE = YES;
				GCC_WARN_UNUSED_VARIABLE = YES;
				HEADER_SEARCH_PATHS = (
					/usr/local/include,
					/opt/local/include,
					../../../include/,
					../../../src,
				);
				LIBRARY_SEARCH_PATHS = (
					/usr/local/lib,
					/opt/local/lib,
				);
				MACOSX_DEPLOYMENT_TARGET = 10.6;
				OTHER_LDFLAGS = "";
				SDKROOT = macosx;
			};
			name = Release;
		};
		21F69A6413BAE289004D23C9 /* Debug */ = {
			isa = XCBuildConfiguration;
			buildSettings = {
				ALWAYS_SEARCH_USER_PATHS = NO;
				COPY_PHASE_STRIP = NO;
				GCC_DYNAMIC_NO_PIC = NO;
				GCC_ENABLE_OBJC_EXCEPTIONS = YES;
				OTHER_LDFLAGS = (
					"-lboost_unit_test_framework",
					"-lantlr3c",
				);
				PRODUCT_NAME = "$(TARGET_NAME)";
			};
			name = Debug;
		};
		21F69A6513BAE289004D23C9 /* Release */ = {
			isa = XCBuildConfiguration;
			buildSettings = {
				ALWAYS_SEARCH_USER_PATHS = NO;
				COPY_PHASE_STRIP = YES;
				DEBUG_INFORMATION_FORMAT = "dwarf-with-dsym";
				GCC_ENABLE_OBJC_EXCEPTIONS = YES;
				OTHER_LDFLAGS = (
					"-lboost_unit_test_framework",
					"-lantlr3c",
				);
				PRODUCT_NAME = "$(TARGET_NAME)";
			};
			name = Release;
		};
/* End XCBuildConfiguration section */

/* Begin XCConfigurationList section */
		21F69A5413BAE289004D23C9 /* Build configuration list for PBXProject "SqlEngineTestUnit" */ = {
			isa = XCConfigurationList;
			buildConfigurations = (
				21F69A6113BAE289004D23C9 /* Debug */,
				21F69A6213BAE289004D23C9 /* Release */,
			);
			defaultConfigurationIsVisible = 0;
			defaultConfigurationName = Release;
		};
		21F69A6313BAE289004D23C9 /* Build configuration list for PBXNativeTarget "SqlEngineTestUnit" */ = {
			isa = XCConfigurationList;
			buildConfigurations = (
				21F69A6413BAE289004D23C9 /* Debug */,
				21F69A6513BAE289004D23C9 /* Release */,
			);
			defaultConfigurationIsVisible = 0;
			defaultConfigurationName = Release;
		};
/* End XCConfigurationList section */
	};
	rootObject = 21F69A5113BAE289004D23C9 /* Project object */;
}
