
Microsoft Visual Studio Solution File, Format Version 10.00
# Visual Studio 2008
Project("{8BC9CEB8-8B4A-11D0-8D11-00A0C91BC942}") = "SqlEngineLib", "SqlEngineLib.vcproj", "{B9171759-0367-4D8E-9A2E-CC931DDB2D41}"
EndProject
Global
	GlobalSection(SolutionConfigurationPlatforms) = preSolution
		Debug|Win32 = Debug|Win32
		Release|Win32 = Release|Win32
	EndGlobalSection
	GlobalSection(ProjectConfigurationPlatforms) = postSolution
		{B9171759-0367-4D8E-9A2E-CC931DDB2D41}.Debug|Win32.ActiveCfg = Debug|Win32
		{B9171759-0367-4D8E-9A2E-CC931DDB2D41}.Debug|Win32.Build.0 = Debug|Win32
		{B9171759-0367-4D8E-9A2E-CC931DDB2D41}.Release|Win32.ActiveCfg = Release|Win32
		{B9171759-0367-4D8E-9A2E-CC931DDB2D41}.Release|Win32.Build.0 = Release|Win32
	EndGlobalSection
	GlobalSection(SolutionProperties) = preSolution
		HideSolutionNode = FALSE
	EndGlobalSection
EndGlobal
